
Microsoft Visual Studio Solution File, Format Version 12.00
# Visual Studio Version 17
VisualStudioVersion = 17.0.32014.148
MinimumVisualStudioVersion = 10.0.40219.1
Project("{2150E333-8FDC-42A3-9474-1A3956D46DE8}") = "Labs", "Labs", "{BD9DF96C-0A3D-431C-9556-E091C8252A26}"
EndProject
Project("{2150E333-8FDC-42A3-9474-1A3956D46DE8}") = "LabsTests", "LabsTests", "{E651B56B-DCB6-433B-9881-C13E9F0F4184}"
EndProject
Project("{2150E333-8FDC-42A3-9474-1A3956D46DE8}") = "Lab_1", "Lab_1", "{F933A279-EC16-4787-BA10-0784E179AAB4}"
EndProject
Project("{2150E333-8FDC-42A3-9474-1A3956D46DE8}") = "Lab_2", "Lab_2", "{7C0FDF84-5E7A-4765-85E3-35ACDEDB5F08}"
EndProject
Project("{2150E333-8FDC-42A3-9474-1A3956D46DE8}") = "Lab_3", "Lab_3", "{61B31CD8-FDA5-4F62-BAB8-F726FB1F3A9B}"
EndProject
Project("{2150E333-8FDC-42A3-9474-1A3956D46DE8}") = "Lab_4", "Lab_4", "{C80DA17E-4471-404F-B3EC-1D4E8A68D876}"
EndProject
Project("{2150E333-8FDC-42A3-9474-1A3956D46DE8}") = "Lab_5", "Lab_5", "{0BE6DAFC-A961-44D6-BA34-8A810AF9067C}"
EndProject
Project("{2150E333-8FDC-42A3-9474-1A3956D46DE8}") = "Lab_6", "Lab_6", "{3E85A662-D8CB-4772-BC90-2BE8D5D60116}"
EndProject
Project("{2150E333-8FDC-42A3-9474-1A3956D46DE8}") = "Lab_7", "Lab_7", "{BDF76063-1F38-4C22-B868-3F39B2505784}"
EndProject
Project("{2150E333-8FDC-42A3-9474-1A3956D46DE8}") = "Lab_1", "Lab_1", "{85724CA1-A08F-4BD4-8BF3-07C5C4E11AD1}"
EndProject
Project("{2150E333-8FDC-42A3-9474-1A3956D46DE8}") = "Lab_2", "Lab_2", "{2BC881CF-AC7A-4A87-B7B6-435303034C2C}"
EndProject
Project("{2150E333-8FDC-42A3-9474-1A3956D46DE8}") = "Lab_3", "Lab_3", "{C13F5E8B-44C5-414E-9A84-947582F199C0}"
EndProject
Project("{2150E333-8FDC-42A3-9474-1A3956D46DE8}") = "Lab_4", "Lab_4", "{EF4AC570-9C59-419F-8128-D29D3C70BCEA}"
EndProject
Project("{2150E333-8FDC-42A3-9474-1A3956D46DE8}") = "Lab_5", "Lab_5", "{B99F04AD-CED4-47BB-BC81-00B46359E30F}"
EndProject
Project("{2150E333-8FDC-42A3-9474-1A3956D46DE8}") = "Lab_6", "Lab_6", "{D0ECCB1D-6E4F-47F1-9291-CAF00EF022A0}"
EndProject
Project("{2150E333-8FDC-42A3-9474-1A3956D46DE8}") = "Lab_7", "Lab_7", "{DCE8FA4A-E1FC-4FB4-86D4-84EDE7CA5614}"
EndProject
Project("{2150E333-8FDC-42A3-9474-1A3956D46DE8}") = "Task_1", "Task_1", "{F535DBF6-1148-4F81-A34C-1F00FC393CE9}"
EndProject
Project("{2150E333-8FDC-42A3-9474-1A3956D46DE8}") = "Task_2", "Task_2", "{4548D0D9-EB9C-4BD7-A8AB-EE578B397D49}"
EndProject
Project("{2150E333-8FDC-42A3-9474-1A3956D46DE8}") = "Task_3", "Task_3", "{20544FCC-2D96-4493-80CA-1CB538877012}"
EndProject
Project("{2150E333-8FDC-42A3-9474-1A3956D46DE8}") = "Task_4", "Task_4", "{98CDE178-6A7E-45D8-B64A-C641988B6DFF}"
EndProject
Project("{2150E333-8FDC-42A3-9474-1A3956D46DE8}") = "Task_5", "Task_5", "{7898C1D9-8B68-4D3D-AED1-6BDFF69D0FF7}"
EndProject
Global
	GlobalSection(SolutionProperties) = preSolution
		HideSolutionNode = FALSE
	EndGlobalSection
	GlobalSection(NestedProjects) = preSolution
		{F933A279-EC16-4787-BA10-0784E179AAB4} = {BD9DF96C-0A3D-431C-9556-E091C8252A26}
		{7C0FDF84-5E7A-4765-85E3-35ACDEDB5F08} = {BD9DF96C-0A3D-431C-9556-E091C8252A26}
		{61B31CD8-FDA5-4F62-BAB8-F726FB1F3A9B} = {BD9DF96C-0A3D-431C-9556-E091C8252A26}
		{C80DA17E-4471-404F-B3EC-1D4E8A68D876} = {BD9DF96C-0A3D-431C-9556-E091C8252A26}
		{0BE6DAFC-A961-44D6-BA34-8A810AF9067C} = {BD9DF96C-0A3D-431C-9556-E091C8252A26}
		{3E85A662-D8CB-4772-BC90-2BE8D5D60116} = {BD9DF96C-0A3D-431C-9556-E091C8252A26}
		{BDF76063-1F38-4C22-B868-3F39B2505784} = {BD9DF96C-0A3D-431C-9556-E091C8252A26}
		{85724CA1-A08F-4BD4-8BF3-07C5C4E11AD1} = {E651B56B-DCB6-433B-9881-C13E9F0F4184}
		{2BC881CF-AC7A-4A87-B7B6-435303034C2C} = {E651B56B-DCB6-433B-9881-C13E9F0F4184}
		{C13F5E8B-44C5-414E-9A84-947582F199C0} = {E651B56B-DCB6-433B-9881-C13E9F0F4184}
		{EF4AC570-9C59-419F-8128-D29D3C70BCEA} = {E651B56B-DCB6-433B-9881-C13E9F0F4184}
		{B99F04AD-CED4-47BB-BC81-00B46359E30F} = {E651B56B-DCB6-433B-9881-C13E9F0F4184}
		{D0ECCB1D-6E4F-47F1-9291-CAF00EF022A0} = {E651B56B-DCB6-433B-9881-C13E9F0F4184}
		{DCE8FA4A-E1FC-4FB4-86D4-84EDE7CA5614} = {E651B56B-DCB6-433B-9881-C13E9F0F4184}
		{F535DBF6-1148-4F81-A34C-1F00FC393CE9} = {F933A279-EC16-4787-BA10-0784E179AAB4}
		{4548D0D9-EB9C-4BD7-A8AB-EE578B397D49} = {F933A279-EC16-4787-BA10-0784E179AAB4}
		{20544FCC-2D96-4493-80CA-1CB538877012} = {F933A279-EC16-4787-BA10-0784E179AAB4}
		{98CDE178-6A7E-45D8-B64A-C641988B6DFF} = {F933A279-EC16-4787-BA10-0784E179AAB4}
		{7898C1D9-8B68-4D3D-AED1-6BDFF69D0FF7} = {F933A279-EC16-4787-BA10-0784E179AAB4}
	EndGlobalSection
	GlobalSection(ExtensibilityGlobals) = postSolution
		SolutionGuid = {B1BBE098-3BF7-4928-B155-2C461DC4E43F}
	EndGlobalSection
EndGlobal
