
Microsoft Visual Studio Solution File, Format Version 12.00
# Visual Studio Version 17
VisualStudioVersion = 17.0.32014.148
MinimumVisualStudioVersion = 10.0.40219.1
Project("{2150E333-8FDC-42A3-9474-1A3956D46DE8}") = "Labs", "Labs", "{BD9DF96C-0A3D-431C-9556-E091C8252A26}"
EndProject
Project("{2150E333-8FDC-42A3-9474-1A3956D46DE8}") = "LabsTests", "LabsTests", "{E651B56B-DCB6-433B-9881-C13E9F0F4184}"
EndProject
Project("{2150E333-8FDC-42A3-9474-1A3956D46DE8}") = "Lab_1", "Lab_1", "{F933A279-EC16-4787-BA10-0784E179AAB4}"
EndProject
Project("{2150E333-8FDC-42A3-9474-1A3956D46DE8}") = "Lab_2", "Lab_2", "{7C0FDF84-5E7A-4765-85E3-35ACDEDB5F08}"
EndProject
Project("{2150E333-8FDC-42A3-9474-1A3956D46DE8}") = "Lab_3", "Lab_3", "{61B31CD8-FDA5-4F62-BAB8-F726FB1F3A9B}"
EndProject
Project("{2150E333-8FDC-42A3-9474-1A3956D46DE8}") = "Lab_4", "Lab_4", "{C80DA17E-4471-404F-B3EC-1D4E8A68D876}"
EndProject
Project("{2150E333-8FDC-42A3-9474-1A3956D46DE8}") = "Lab_5", "Lab_5", "{0BE6DAFC-A961-44D6-BA34-8A810AF9067C}"
EndProject
Project("{2150E333-8FDC-42A3-9474-1A3956D46DE8}") = "Lab_6", "Lab_6", "{3E85A662-D8CB-4772-BC90-2BE8D5D60116}"
EndProject
Project("{2150E333-8FDC-42A3-9474-1A3956D46DE8}") = "Lab_7", "Lab_7", "{BDF76063-1F38-4C22-B868-3F39B2505784}"
EndProject
Project("{2150E333-8FDC-42A3-9474-1A3956D46DE8}") = "Lab_1", "Lab_1", "{85724CA1-A08F-4BD4-8BF3-07C5C4E11AD1}"
EndProject
Project("{2150E333-8FDC-42A3-9474-1A3956D46DE8}") = "Lab_2", "Lab_2", "{2BC881CF-AC7A-4A87-B7B6-435303034C2C}"
EndProject
Project("{2150E333-8FDC-42A3-9474-1A3956D46DE8}") = "Lab_3", "Lab_3", "{C13F5E8B-44C5-414E-9A84-947582F199C0}"
EndProject
Project("{2150E333-8FDC-42A3-9474-1A3956D46DE8}") = "Lab_4", "Lab_4", "{EF4AC570-9C59-419F-8128-D29D3C70BCEA}"
EndProject
Project("{2150E333-8FDC-42A3-9474-1A3956D46DE8}") = "Lab_5", "Lab_5", "{B99F04AD-CED4-47BB-BC81-00B46359E30F}"
EndProject
Project("{2150E333-8FDC-42A3-9474-1A3956D46DE8}") = "Lab_6", "Lab_6", "{D0ECCB1D-6E4F-47F1-9291-CAF00EF022A0}"
EndProject
Project("{2150E333-8FDC-42A3-9474-1A3956D46DE8}") = "Lab_7", "Lab_7", "{DCE8FA4A-E1FC-4FB4-86D4-84EDE7CA5614}"
EndProject
Project("{2150E333-8FDC-42A3-9474-1A3956D46DE8}") = "Task_1", "Task_1", "{F535DBF6-1148-4F81-A34C-1F00FC393CE9}"
EndProject
Project("{2150E333-8FDC-42A3-9474-1A3956D46DE8}") = "Task_2", "Task_2", "{4548D0D9-EB9C-4BD7-A8AB-EE578B397D49}"
EndProject
Project("{2150E333-8FDC-42A3-9474-1A3956D46DE8}") = "Task_3", "Task_3", "{20544FCC-2D96-4493-80CA-1CB538877012}"
EndProject
Project("{2150E333-8FDC-42A3-9474-1A3956D46DE8}") = "Task_4", "Task_4", "{98CDE178-6A7E-45D8-B64A-C641988B6DFF}"
EndProject
Project("{2150E333-8FDC-42A3-9474-1A3956D46DE8}") = "Task_5", "Task_5", "{7898C1D9-8B68-4D3D-AED1-6BDFF69D0FF7}"
EndProject
Project("{2150E333-8FDC-42A3-9474-1A3956D46DE8}") = "Task_3_Test", "Task_3_Test", "{F01550F8-286D-4564-B27A-CE6A6226D131}"
EndProject
Project("{2150E333-8FDC-42A3-9474-1A3956D46DE8}") = "Task_4_Test", "Task_4_Test", "{0BC54A81-F229-49F6-AB4D-6357FF9A0748}"
EndProject
Project("{2150E333-8FDC-42A3-9474-1A3956D46DE8}") = "Task_5_Test", "Task_5_Test", "{DF830DFD-983E-4429-846C-D4393E74F556}"
EndProject
Project("{8BC9CEB8-8B4A-11D0-8D11-00A0C91BC942}") = "CopyFile", "CopyFile\CopyFile.vcxproj", "{5856CA3B-4A9C-439C-B647-1CA4F73EC161}"
EndProject
Project("{8BC9CEB8-8B4A-11D0-8D11-00A0C91BC942}") = "Compare", "Compare\Compare.vcxproj", "{17F6469F-8D5B-4E07-9940-7FE67B5628BF}"
EndProject
Project("{8BC9CEB8-8B4A-11D0-8D11-00A0C91BC942}") = "FindText", "FindText\FindText.vcxproj", "{E2C09E29-F919-450C-8F39-CE73D9063AA3}"
EndProject
Project("{8BC9CEB8-8B4A-11D0-8D11-00A0C91BC942}") = "Replace", "Replace\Replace.vcxproj", "{49DBBD2E-9E14-479B-9296-CB003E0C591D}"
EndProject
Project("{8BC9CEB8-8B4A-11D0-8D11-00A0C91BC942}") = "Join", "Join\Join.vcxproj", "{68D3E2E5-5848-468A-A278-7C20E8C8DBF7}"
EndProject
Project("{8BC9CEB8-8B4A-11D0-8D11-00A0C91BC942}") = "Extract", "Extract\Extract.vcxproj", "{BE1507EA-12FD-45EC-BA34-8236C87F4BAC}"
EndProject
Project("{8BC9CEB8-8B4A-11D0-8D11-00A0C91BC942}") = "CalcBits", "CalcBits\CalcBits.vcxproj", "{425F5848-2414-480E-8EF7-0DAB6DF7B81A}"
EndProject
Project("{8BC9CEB8-8B4A-11D0-8D11-00A0C91BC942}") = "RotateByte", "RotateByte\RotateByte.vcxproj", "{C5421A9D-9442-4207-B64D-5DF46E45CB0D}"
EndProject
Project("{8BC9CEB8-8B4A-11D0-8D11-00A0C91BC942}") = "Bin2Dec", "Bin2Dec\Bin2Dec.vcxproj", "{71FDED21-43B6-4098-82A3-F6087652F054}"
EndProject
Project("{8BC9CEB8-8B4A-11D0-8D11-00A0C91BC942}") = "Dec2Bin", "Dec2Bin\Dec2Bin.vcxproj", "{B52CB236-9B54-4D14-9E8A-818F14C5A2A7}"
EndProject
Project("{8BC9CEB8-8B4A-11D0-8D11-00A0C91BC942}") = "FlipByte", "FlipByte\FlipByte.vcxproj", "{37806279-1BD2-465C-967D-EF00A81CC397}"
EndProject
Project("{8BC9CEB8-8B4A-11D0-8D11-00A0C91BC942}") = "Radix", "Radix\Radix.vcxproj", "{67F395AB-75E9-4AFA-909F-2AC4ED61BF86}"
EndProject
Project("{8BC9CEB8-8B4A-11D0-8D11-00A0C91BC942}") = "MultMatrix", "MultMatrix\MultMatrix.vcxproj", "{1B22D69E-6F7A-4496-9C53-9A69FADD6195}"
EndProject
Project("{8BC9CEB8-8B4A-11D0-8D11-00A0C91BC942}") = "InvertMatrix", "InvertMatrix\InvertMatrix.vcxproj", "{335B2B78-A33B-4CCA-B94F-A4EC137914EC}"
EndProject
Project("{8BC9CEB8-8B4A-11D0-8D11-00A0C91BC942}") = "RLE", "RLE\RLE.vcxproj", "{336A3710-8CD2-44AD-A0E5-C07225B65DF3}"
EndProject
Project("{8BC9CEB8-8B4A-11D0-8D11-00A0C91BC942}") = "BMPInfo", "BMPInfo\BMPInfo.vcxproj", "{1FEA3AD2-C9BC-4475-9809-9E2BC5FAC5CF}"
EndProject
Project("{8BC9CEB8-8B4A-11D0-8D11-00A0C91BC942}") = "Crypt", "Crypt\Crypt.vcxproj", "{88C1083F-94F0-4215-A77B-A3F810098817}"
EndProject
Project("{8BC9CEB8-8B4A-11D0-8D11-00A0C91BC942}") = "Live", "Live\Live.vcxproj", "{9583C981-84BD-4FFC-A7A4-0280BCD6F2FB}"
EndProject
Project("{8BC9CEB8-8B4A-11D0-8D11-00A0C91BC942}") = "Labyrinth", "Labyrinth\Labyrinth.vcxproj", "{34887716-1908-47A1-A26A-0563A93834A5}"
EndProject
Project("{8BC9CEB8-8B4A-11D0-8D11-00A0C91BC942}") = "Fill", "Fill\Fill.vcxproj", "{DEAFC507-D201-40E0-AB15-2E34FDB9B114}"
EndProject
Project("{2150E333-8FDC-42A3-9474-1A3956D46DE8}") = "Task_1", "Task_1", "{651696C3-081B-4F9E-B849-FA553921DB1B}"
EndProject
Project("{2150E333-8FDC-42A3-9474-1A3956D46DE8}") = "Task_2", "Task_2", "{65D72D2B-5EB1-4B25-9F47-9AB1B4A7216A}"
EndProject
Project("{2150E333-8FDC-42A3-9474-1A3956D46DE8}") = "Task_3", "Task_3", "{5A7BA62B-E58C-409C-B8C5-3BCADB5C8DDC}"
EndProject
Project("{2150E333-8FDC-42A3-9474-1A3956D46DE8}") = "Task_4", "Task_4", "{996D166F-AD77-4D25-A676-ECB7E9BC0178}"
EndProject
Project("{2150E333-8FDC-42A3-9474-1A3956D46DE8}") = "Task_5", "Task_5", "{ACF1E0D4-7F54-4F6E-AA20-042E16957388}"
EndProject
Project("{2150E333-8FDC-42A3-9474-1A3956D46DE8}") = "Task_6", "Task_6", "{7FC812C1-ECDC-480F-A084-5892721D5F0F}"
EndProject
Project("{8BC9CEB8-8B4A-11D0-8D11-00A0C91BC942}") = "Vector", "Vector\Vector.vcxproj", "{F178EB56-BE51-4926-8AB5-3F8C5D502BB4}"
EndProject
Project("{8BC9CEB8-8B4A-11D0-8D11-00A0C91BC942}") = "TrimBlanks", "TrimBlanks\TrimBlanks.vcxproj", "{6698326D-D182-40E9-B8AB-30BB962E7583}"
EndProject
Project("{8BC9CEB8-8B4A-11D0-8D11-00A0C91BC942}") = "RemoveExtraSpaces", "RemoveExtraSpaces\RemoveExtraSpaces.vcxproj", "{B2EEDC50-2B82-40CA-94A3-5440C0FA7A77}"
EndProject
Project("{8BC9CEB8-8B4A-11D0-8D11-00A0C91BC942}") = "FindAndReplace", "FindAndReplace\FindAndReplace.vcxproj", "{F52EDFCD-7B4E-4F19-B89B-8C4B1C394892}"
EndProject
Project("{8BC9CEB8-8B4A-11D0-8D11-00A0C91BC942}") = "HTML Encode", "HTML Encode\HTML Encode.vcxproj", "{8DE1ADDA-444C-44FC-AA41-E46922EC4EC2}"
EndProject
Project("{8BC9CEB8-8B4A-11D0-8D11-00A0C91BC942}") = "HTML Decode", "HTML Decode\HTML Decode.vcxproj", "{2C67F6F0-358E-41BA-96F8-F90DC04622FC}"
EndProject
Project("{8BC9CEB8-8B4A-11D0-8D11-00A0C91BC942}") = "WordsCounter", "WordsCounter\WordsCounter.vcxproj", "{F4EBD1B5-4231-4344-9CA0-9B3FFAD35AEE}"
EndProject
Project("{8BC9CEB8-8B4A-11D0-8D11-00A0C91BC942}") = "MiniDictionary", "MiniDictionary\MiniDictionary.vcxproj", "{1738E1E6-6392-4901-AA93-A611666C4B53}"
EndProject
Project("{8BC9CEB8-8B4A-11D0-8D11-00A0C91BC942}") = "CrossSets", "CrossSets\CrossSets.vcxproj", "{0E7246F6-4EDC-48CA-A00B-B16F033031B4}"
EndProject
Project("{8BC9CEB8-8B4A-11D0-8D11-00A0C91BC942}") = "SportSchool", "SportSchool\SportSchool.vcxproj", "{6EFEE696-BFB2-4DF9-94E2-B57F98B4068B}"
EndProject
Project("{8BC9CEB8-8B4A-11D0-8D11-00A0C91BC942}") = "FilterMat", "FilterMat\FilterMat.vcxproj", "{2492A45A-9EB3-4BBA-893C-C0D937604AF3}"
EndProject
Project("{8BC9CEB8-8B4A-11D0-8D11-00A0C91BC942}") = "GeneratorSimplesNumbers", "GeneratorNumbers\GeneratorNumbers.vcxproj", "{ED4F394B-8311-4D5F-8D9E-FF15B8A853C7}"
EndProject
Project("{8BC9CEB8-8B4A-11D0-8D11-00A0C91BC942}") = "URLParser", "URLParser\URLParser.vcxproj", "{685DCE2A-1E8F-4D22-A3EC-797D7EA26BAA}"
EndProject
Project("{8BC9CEB8-8B4A-11D0-8D11-00A0C91BC942}") = "ExpandTemplate", "ExpandTemplate\ExpandTemplate.vcxproj", "{EA414D7F-19F7-4CA0-A518-DCCC36928240}"
EndProject
Project("{2150E333-8FDC-42A3-9474-1A3956D46DE8}") = "Task_1", "Task_1", "{97A2D338-C9D3-4635-84A8-FB828B56939D}"
EndProject
Project("{2150E333-8FDC-42A3-9474-1A3956D46DE8}") = "Task_2", "Task_2", "{795C3D32-280D-4BEC-98BB-B59A3504EB60}"
EndProject
Project("{8BC9CEB8-8B4A-11D0-8D11-00A0C91BC942}") = "TV", "TV\TV.vcxproj", "{9FB64A43-D52E-4F50-8EB6-328AAFA293A7}"
EndProject
Project("{8BC9CEB8-8B4A-11D0-8D11-00A0C91BC942}") = "Automobile", "Automobile\Automobile.vcxproj", "{71824B46-B14F-4E3E-9E6A-A7D87DC9C9E3}"
EndProject
Project("{8BC9CEB8-8B4A-11D0-8D11-00A0C91BC942}") = "Triangle", "Triangle\Triangle.vcxproj", "{282234A7-F3F8-4543-B8A1-F7B597D00DA3}"
EndProject
Project("{8BC9CEB8-8B4A-11D0-8D11-00A0C91BC942}") = "Calculator", "Calculator\Calculator.vcxproj", "{6D8E9ACF-A9D0-45C5-9700-28C0195B7C7A}"
EndProject
Project("{2150E333-8FDC-42A3-9474-1A3956D46DE8}") = "Task_1", "Task_1", "{89E11AF4-D42F-4145-87B1-E3B5FDE9EA96}"
EndProject
Project("{8BC9CEB8-8B4A-11D0-8D11-00A0C91BC942}") = "VolumetricBodies", "VolumetricBodies\VolumetricBodies.vcxproj", "{67B21D14-0263-40B4-A3DB-DBD218B63B26}"
EndProject
Project("{8BC9CEB8-8B4A-11D0-8D11-00A0C91BC942}") = "GeometricFigures", "GeometricFigures\GeometricFigures.vcxproj", "{A7E66D00-80E9-4657-BB4F-B528C094C21A}"
EndProject
Project("{2150E333-8FDC-42A3-9474-1A3956D46DE8}") = "Task_1", "Task_1", "{CE5C7AF1-AB83-4688-96A9-C2910C78847B}"
EndProject
Project("{2150E333-8FDC-42A3-9474-1A3956D46DE8}") = "Task_2", "Task_2", "{0E1EB5DE-06C5-43D8-932A-003C882C8737}"
EndProject
Project("{8BC9CEB8-8B4A-11D0-8D11-00A0C91BC942}") = "Complex", "ComplexNumbers\ComplexNumbers.vcxproj", "{822A01CC-4C86-40D3-8C94-6A026EF400C2}"
EndProject
Project("{8BC9CEB8-8B4A-11D0-8D11-00A0C91BC942}") = "Vector3D", "Vector3D\Vector3D.vcxproj", "{E02A2F6B-0340-4F4A-A5B6-38E9BA2800EA}"
EndProject
Project("{8BC9CEB8-8B4A-11D0-8D11-00A0C91BC942}") = "Rational", "Rational\Rational.vcxproj", "{B7C01FD0-9E1A-45CF-9AA8-AC0F305341A5}"
EndProject
Project("{8BC9CEB8-8B4A-11D0-8D11-00A0C91BC942}") = "Time", "Time\Time.vcxproj", "{6B333546-C665-4708-BB23-72DCE310EF0B}"
EndProject
Project("{8BC9CEB8-8B4A-11D0-8D11-00A0C91BC942}") = "Date", "Date\Date.vcxproj", "{53439FB2-B5B5-4BCB-B166-AA4D63DD3FAF}"
EndProject
Project("{8BC9CEB8-8B4A-11D0-8D11-00A0C91BC942}") = "MyString", "MyString\MyString.vcxproj", "{99F064D4-43B2-477B-A1FC-DE76EE2E347C}"
EndProject
Project("{2150E333-8FDC-42A3-9474-1A3956D46DE8}") = "Task_1", "Task_1", "{1F66F594-5D86-447F-BFD3-B84489B9AA2F}"
EndProject
Project("{2150E333-8FDC-42A3-9474-1A3956D46DE8}") = "Task_2", "Task_2", "{603E9B8D-72D6-4042-9016-82C1F102846E}"
EndProject
Project("{8BC9CEB8-8B4A-11D0-8D11-00A0C91BC942}") = "TriangleFormula", "TriangleFormula\TriangleFormula.vcxproj", "{3677FBA9-F7D7-45F5-A2AD-5FBD35A69AE0}"
EndProject
Project("{8BC9CEB8-8B4A-11D0-8D11-00A0C91BC942}") = "CubicEquations", "CubicEquations\CubicEquations.vcxproj", "{FC416DE8-9D1D-497F-906E-5842E3F34EA6}"
EndProject
Project("{8BC9CEB8-8B4A-11D0-8D11-00A0C91BC942}") = "QuadraticEquations", "QuadraticEquations\QuadraticEquations.vcxproj", "{9BBE7869-A2D2-4331-86E9-BF1D146310A1}"
EndProject
Project("{8BC9CEB8-8B4A-11D0-8D11-00A0C91BC942}") = "4DegreeEquations", "4DegreeEquations\4DegreeEquations.vcxproj", "{51532CEB-BFDE-4B46-B1DA-36E04F8D2E30}"
EndProject
Project("{8BC9CEB8-8B4A-11D0-8D11-00A0C91BC942}") = "SortString", "SortString\SortString.vcxproj", "{E808DA86-D32B-4C8F-9930-89632A71E4FD}"
EndProject
Project("{8BC9CEB8-8B4A-11D0-8D11-00A0C91BC942}") = "Student", "Student\Student.vcxproj", "{D091E741-6DB4-4F88-B6EE-7F1BF5E4F239}"
EndProject
Project("{8BC9CEB8-8B4A-11D0-8D11-00A0C91BC942}") = "HTTP_URL", "HTTP_URL\HTTP_URL.vcxproj", "{E199637F-5FFD-4F8E-8F42-71E910CF7B72}"
EndProject
Project("{8BC9CEB8-8B4A-11D0-8D11-00A0C91BC942}") = "StringStack", "StringStack\StringStack.vcxproj", "{7DC06838-FB1F-4ED1-B213-17AC061641F9}"
EndProject
Project("{8BC9CEB8-8B4A-11D0-8D11-00A0C91BC942}") = "StringList", "StringList\StringList.vcxproj", "{EFE2F84A-5FBA-40CE-B070-E0E3E92BF068}"
EndProject
Project("{2150E333-8FDC-42A3-9474-1A3956D46DE8}") = "Task_1", "Task_1", "{C2E80C03-1D43-4762-8AB4-82EC08965DFA}"
EndProject
Project("{2150E333-8FDC-42A3-9474-1A3956D46DE8}") = "Task_2", "Task_2", "{31F89B76-97C4-4F6A-A696-0AA876B73967}"
EndProject
Project("{2150E333-8FDC-42A3-9474-1A3956D46DE8}") = "Task_3", "Task_3", "{2E85E797-7F8E-4D2F-B0E1-C5A7CC39972D}"
EndProject
Project("{8BC9CEB8-8B4A-11D0-8D11-00A0C91BC942}") = "Sort2", "Sort2\Sort2.vcxproj", "{5551DDD7-6ED0-497E-B688-A83C53358A86}"
EndProject
Project("{8BC9CEB8-8B4A-11D0-8D11-00A0C91BC942}") = "FindMax", "FindMax\FindMax.vcxproj", "{C3B89D61-9FFB-4829-9B60-DAE8754D613B}"
EndProject
Project("{8BC9CEB8-8B4A-11D0-8D11-00A0C91BC942}") = "FindMaxEx", "FindMaxEx\FindMaxEx.vcxproj", "{1A0D4697-CD0F-4A0E-8F87-26B4F0443958}"
EndProject
Project("{8BC9CEB8-8B4A-11D0-8D11-00A0C91BC942}") = "ArraySum", "ArraySum\ArraySum.vcxproj", "{0EC1D2B9-F16B-4F3E-BA66-16146F16B205}"
EndProject
Project("{8BC9CEB8-8B4A-11D0-8D11-00A0C91BC942}") = "MyArray", "MyArray\MyArray.vcxproj", "{480C4F53-0EB9-41D0-A54A-1B1ACBEBF487}"
EndProject
Project("{8BC9CEB8-8B4A-11D0-8D11-00A0C91BC942}") = "MyStack", "MyStack\MyStack.vcxproj", "{D4697253-6703-491F-B242-E53183B3A954}"
EndProject
Project("{8BC9CEB8-8B4A-11D0-8D11-00A0C91BC942}") = "MyList", "MyList\MyList.vcxproj", "{66A2284E-A9CB-434F-A377-2324CEB0C268}"
EndProject
Project("{8BC9CEB8-8B4A-11D0-8D11-00A0C91BC942}") = "People", "People\People.vcxproj", "{98735D3D-064F-4925-BC39-755F6CD449AF}"
EndProject
Project("{8BC9CEB8-8B4A-11D0-8D11-00A0C91BC942}") = "Vehicle", "Vehicle\Vehicle.vcxproj", "{8E1F7D74-86A4-4D22-A939-6F9707E03795}"
EndProject
Project("{2150E333-8FDC-42A3-9474-1A3956D46DE8}") = "Task_1_Test", "Task_1_Test", "{F581D58D-7FAF-47F9-90BF-A85255A74A2A}"
EndProject
Project("{2150E333-8FDC-42A3-9474-1A3956D46DE8}") = "Task_2_Test", "Task_2_Test", "{5732795F-CE28-44FD-8E99-66099488D743}"
EndProject
Project("{2150E333-8FDC-42A3-9474-1A3956D46DE8}") = "Task_3_Test", "Task_3_Test", "{91BBD46A-95D8-4F80-ACEA-8CB99A68D340}"
EndProject
Project("{2150E333-8FDC-42A3-9474-1A3956D46DE8}") = "Task_4_Test", "Task_4_Test", "{5ABFFD80-D211-4D12-B8AF-6670BFF200D5}"
EndProject
Project("{2150E333-8FDC-42A3-9474-1A3956D46DE8}") = "Task_5_Test", "Task_5_Test", "{9527CA3E-5B67-4C21-8B2E-4F26FCA147E2}"
EndProject
Project("{2150E333-8FDC-42A3-9474-1A3956D46DE8}") = "Task_6_Test", "Task_6_Test", "{575D7509-51FB-4E6A-AFAF-042A2535D619}"
EndProject
Project("{2150E333-8FDC-42A3-9474-1A3956D46DE8}") = "Task_1_Test", "Task_1_Test", "{16E7C0C7-81FE-4061-A6AA-BD0F38B51A2C}"
EndProject
Project("{2150E333-8FDC-42A3-9474-1A3956D46DE8}") = "Task_2_Test", "Task_2_Test", "{A61A6B18-32F9-408C-9BB0-9BCE3F774A00}"
EndProject
Project("{2150E333-8FDC-42A3-9474-1A3956D46DE8}") = "Task_1_Test", "Task_1_Test", "{48DFC5F3-8633-477A-9544-F4473B4683D0}"
EndProject
Project("{2150E333-8FDC-42A3-9474-1A3956D46DE8}") = "Task_1_Test", "Task_1_Test", "{D4C8C16F-214E-485D-A376-C54080CDE5B5}"
EndProject
Project("{2150E333-8FDC-42A3-9474-1A3956D46DE8}") = "Task_2_Test", "Task_2_Test", "{FF15B11F-017B-44D2-9F3A-59CECE3B31E3}"
EndProject
Project("{2150E333-8FDC-42A3-9474-1A3956D46DE8}") = "Task_1_Test", "Task_1_Test", "{81820DC7-E9AF-4949-B449-08B403B0BC2A}"
EndProject
Project("{2150E333-8FDC-42A3-9474-1A3956D46DE8}") = "Task_2_Test", "Task_2_Test", "{26EDD152-D3C8-42BD-BC07-37CF1E7577C0}"
EndProject
Project("{2150E333-8FDC-42A3-9474-1A3956D46DE8}") = "Task_1_Test", "Task_1_Test", "{9B103327-82D4-49D4-B89F-BC17E155FDE3}"
EndProject
Project("{2150E333-8FDC-42A3-9474-1A3956D46DE8}") = "Task_2_Test", "Task_2_Test", "{C672609D-4556-4031-A9BF-BD1BAA0D85AF}"
EndProject
Project("{2150E333-8FDC-42A3-9474-1A3956D46DE8}") = "Task_3_Test", "Task_3_Test", "{5BA3BF1F-5D85-4925-9039-494AFD961848}"
EndProject
Global
	GlobalSection(SolutionConfigurationPlatforms) = preSolution
		Debug|x64 = Debug|x64
		Debug|x86 = Debug|x86
		Release|x64 = Release|x64
		Release|x86 = Release|x86
	EndGlobalSection
	GlobalSection(ProjectConfigurationPlatforms) = postSolution
		{5856CA3B-4A9C-439C-B647-1CA4F73EC161}.Debug|x64.ActiveCfg = Debug|x64
		{5856CA3B-4A9C-439C-B647-1CA4F73EC161}.Debug|x64.Build.0 = Debug|x64
		{5856CA3B-4A9C-439C-B647-1CA4F73EC161}.Debug|x86.ActiveCfg = Debug|Win32
		{5856CA3B-4A9C-439C-B647-1CA4F73EC161}.Debug|x86.Build.0 = Debug|Win32
		{5856CA3B-4A9C-439C-B647-1CA4F73EC161}.Release|x64.ActiveCfg = Release|x64
		{5856CA3B-4A9C-439C-B647-1CA4F73EC161}.Release|x64.Build.0 = Release|x64
		{5856CA3B-4A9C-439C-B647-1CA4F73EC161}.Release|x86.ActiveCfg = Release|Win32
		{5856CA3B-4A9C-439C-B647-1CA4F73EC161}.Release|x86.Build.0 = Release|Win32
		{17F6469F-8D5B-4E07-9940-7FE67B5628BF}.Debug|x64.ActiveCfg = Debug|x64
		{17F6469F-8D5B-4E07-9940-7FE67B5628BF}.Debug|x64.Build.0 = Debug|x64
		{17F6469F-8D5B-4E07-9940-7FE67B5628BF}.Debug|x86.ActiveCfg = Debug|Win32
		{17F6469F-8D5B-4E07-9940-7FE67B5628BF}.Debug|x86.Build.0 = Debug|Win32
		{17F6469F-8D5B-4E07-9940-7FE67B5628BF}.Release|x64.ActiveCfg = Release|x64
		{17F6469F-8D5B-4E07-9940-7FE67B5628BF}.Release|x64.Build.0 = Release|x64
		{17F6469F-8D5B-4E07-9940-7FE67B5628BF}.Release|x86.ActiveCfg = Release|Win32
		{17F6469F-8D5B-4E07-9940-7FE67B5628BF}.Release|x86.Build.0 = Release|Win32
		{E2C09E29-F919-450C-8F39-CE73D9063AA3}.Debug|x64.ActiveCfg = Debug|x64
		{E2C09E29-F919-450C-8F39-CE73D9063AA3}.Debug|x64.Build.0 = Debug|x64
		{E2C09E29-F919-450C-8F39-CE73D9063AA3}.Debug|x86.ActiveCfg = Debug|Win32
		{E2C09E29-F919-450C-8F39-CE73D9063AA3}.Debug|x86.Build.0 = Debug|Win32
		{E2C09E29-F919-450C-8F39-CE73D9063AA3}.Release|x64.ActiveCfg = Release|x64
		{E2C09E29-F919-450C-8F39-CE73D9063AA3}.Release|x64.Build.0 = Release|x64
		{E2C09E29-F919-450C-8F39-CE73D9063AA3}.Release|x86.ActiveCfg = Release|Win32
		{E2C09E29-F919-450C-8F39-CE73D9063AA3}.Release|x86.Build.0 = Release|Win32
		{49DBBD2E-9E14-479B-9296-CB003E0C591D}.Debug|x64.ActiveCfg = Debug|x64
		{49DBBD2E-9E14-479B-9296-CB003E0C591D}.Debug|x64.Build.0 = Debug|x64
		{49DBBD2E-9E14-479B-9296-CB003E0C591D}.Debug|x86.ActiveCfg = Debug|Win32
		{49DBBD2E-9E14-479B-9296-CB003E0C591D}.Debug|x86.Build.0 = Debug|Win32
		{49DBBD2E-9E14-479B-9296-CB003E0C591D}.Release|x64.ActiveCfg = Release|x64
		{49DBBD2E-9E14-479B-9296-CB003E0C591D}.Release|x64.Build.0 = Release|x64
		{49DBBD2E-9E14-479B-9296-CB003E0C591D}.Release|x86.ActiveCfg = Release|Win32
		{49DBBD2E-9E14-479B-9296-CB003E0C591D}.Release|x86.Build.0 = Release|Win32
		{68D3E2E5-5848-468A-A278-7C20E8C8DBF7}.Debug|x64.ActiveCfg = Debug|x64
		{68D3E2E5-5848-468A-A278-7C20E8C8DBF7}.Debug|x64.Build.0 = Debug|x64
		{68D3E2E5-5848-468A-A278-7C20E8C8DBF7}.Debug|x86.ActiveCfg = Debug|Win32
		{68D3E2E5-5848-468A-A278-7C20E8C8DBF7}.Debug|x86.Build.0 = Debug|Win32
		{68D3E2E5-5848-468A-A278-7C20E8C8DBF7}.Release|x64.ActiveCfg = Release|x64
		{68D3E2E5-5848-468A-A278-7C20E8C8DBF7}.Release|x64.Build.0 = Release|x64
		{68D3E2E5-5848-468A-A278-7C20E8C8DBF7}.Release|x86.ActiveCfg = Release|Win32
		{68D3E2E5-5848-468A-A278-7C20E8C8DBF7}.Release|x86.Build.0 = Release|Win32
		{BE1507EA-12FD-45EC-BA34-8236C87F4BAC}.Debug|x64.ActiveCfg = Debug|x64
		{BE1507EA-12FD-45EC-BA34-8236C87F4BAC}.Debug|x64.Build.0 = Debug|x64
		{BE1507EA-12FD-45EC-BA34-8236C87F4BAC}.Debug|x86.ActiveCfg = Debug|Win32
		{BE1507EA-12FD-45EC-BA34-8236C87F4BAC}.Debug|x86.Build.0 = Debug|Win32
		{BE1507EA-12FD-45EC-BA34-8236C87F4BAC}.Release|x64.ActiveCfg = Release|x64
		{BE1507EA-12FD-45EC-BA34-8236C87F4BAC}.Release|x64.Build.0 = Release|x64
		{BE1507EA-12FD-45EC-BA34-8236C87F4BAC}.Release|x86.ActiveCfg = Release|Win32
		{BE1507EA-12FD-45EC-BA34-8236C87F4BAC}.Release|x86.Build.0 = Release|Win32
		{425F5848-2414-480E-8EF7-0DAB6DF7B81A}.Debug|x64.ActiveCfg = Debug|x64
		{425F5848-2414-480E-8EF7-0DAB6DF7B81A}.Debug|x64.Build.0 = Debug|x64
		{425F5848-2414-480E-8EF7-0DAB6DF7B81A}.Debug|x86.ActiveCfg = Debug|Win32
		{425F5848-2414-480E-8EF7-0DAB6DF7B81A}.Debug|x86.Build.0 = Debug|Win32
		{425F5848-2414-480E-8EF7-0DAB6DF7B81A}.Release|x64.ActiveCfg = Release|x64
		{425F5848-2414-480E-8EF7-0DAB6DF7B81A}.Release|x64.Build.0 = Release|x64
		{425F5848-2414-480E-8EF7-0DAB6DF7B81A}.Release|x86.ActiveCfg = Release|Win32
		{425F5848-2414-480E-8EF7-0DAB6DF7B81A}.Release|x86.Build.0 = Release|Win32
		{C5421A9D-9442-4207-B64D-5DF46E45CB0D}.Debug|x64.ActiveCfg = Debug|x64
		{C5421A9D-9442-4207-B64D-5DF46E45CB0D}.Debug|x64.Build.0 = Debug|x64
		{C5421A9D-9442-4207-B64D-5DF46E45CB0D}.Debug|x86.ActiveCfg = Debug|Win32
		{C5421A9D-9442-4207-B64D-5DF46E45CB0D}.Debug|x86.Build.0 = Debug|Win32
		{C5421A9D-9442-4207-B64D-5DF46E45CB0D}.Release|x64.ActiveCfg = Release|x64
		{C5421A9D-9442-4207-B64D-5DF46E45CB0D}.Release|x64.Build.0 = Release|x64
		{C5421A9D-9442-4207-B64D-5DF46E45CB0D}.Release|x86.ActiveCfg = Release|Win32
		{C5421A9D-9442-4207-B64D-5DF46E45CB0D}.Release|x86.Build.0 = Release|Win32
		{71FDED21-43B6-4098-82A3-F6087652F054}.Debug|x64.ActiveCfg = Debug|x64
		{71FDED21-43B6-4098-82A3-F6087652F054}.Debug|x64.Build.0 = Debug|x64
		{71FDED21-43B6-4098-82A3-F6087652F054}.Debug|x86.ActiveCfg = Debug|Win32
		{71FDED21-43B6-4098-82A3-F6087652F054}.Debug|x86.Build.0 = Debug|Win32
		{71FDED21-43B6-4098-82A3-F6087652F054}.Release|x64.ActiveCfg = Release|x64
		{71FDED21-43B6-4098-82A3-F6087652F054}.Release|x64.Build.0 = Release|x64
		{71FDED21-43B6-4098-82A3-F6087652F054}.Release|x86.ActiveCfg = Release|Win32
		{71FDED21-43B6-4098-82A3-F6087652F054}.Release|x86.Build.0 = Release|Win32
		{B52CB236-9B54-4D14-9E8A-818F14C5A2A7}.Debug|x64.ActiveCfg = Debug|x64
		{B52CB236-9B54-4D14-9E8A-818F14C5A2A7}.Debug|x64.Build.0 = Debug|x64
		{B52CB236-9B54-4D14-9E8A-818F14C5A2A7}.Debug|x86.ActiveCfg = Debug|Win32
		{B52CB236-9B54-4D14-9E8A-818F14C5A2A7}.Debug|x86.Build.0 = Debug|Win32
		{B52CB236-9B54-4D14-9E8A-818F14C5A2A7}.Release|x64.ActiveCfg = Release|x64
		{B52CB236-9B54-4D14-9E8A-818F14C5A2A7}.Release|x64.Build.0 = Release|x64
		{B52CB236-9B54-4D14-9E8A-818F14C5A2A7}.Release|x86.ActiveCfg = Release|Win32
		{B52CB236-9B54-4D14-9E8A-818F14C5A2A7}.Release|x86.Build.0 = Release|Win32
		{37806279-1BD2-465C-967D-EF00A81CC397}.Debug|x64.ActiveCfg = Debug|x64
		{37806279-1BD2-465C-967D-EF00A81CC397}.Debug|x64.Build.0 = Debug|x64
		{37806279-1BD2-465C-967D-EF00A81CC397}.Debug|x86.ActiveCfg = Debug|Win32
		{37806279-1BD2-465C-967D-EF00A81CC397}.Debug|x86.Build.0 = Debug|Win32
		{37806279-1BD2-465C-967D-EF00A81CC397}.Release|x64.ActiveCfg = Release|x64
		{37806279-1BD2-465C-967D-EF00A81CC397}.Release|x64.Build.0 = Release|x64
		{37806279-1BD2-465C-967D-EF00A81CC397}.Release|x86.ActiveCfg = Release|Win32
		{37806279-1BD2-465C-967D-EF00A81CC397}.Release|x86.Build.0 = Release|Win32
		{67F395AB-75E9-4AFA-909F-2AC4ED61BF86}.Debug|x64.ActiveCfg = Debug|x64
		{67F395AB-75E9-4AFA-909F-2AC4ED61BF86}.Debug|x64.Build.0 = Debug|x64
		{67F395AB-75E9-4AFA-909F-2AC4ED61BF86}.Debug|x86.ActiveCfg = Debug|Win32
		{67F395AB-75E9-4AFA-909F-2AC4ED61BF86}.Debug|x86.Build.0 = Debug|Win32
		{67F395AB-75E9-4AFA-909F-2AC4ED61BF86}.Release|x64.ActiveCfg = Release|x64
		{67F395AB-75E9-4AFA-909F-2AC4ED61BF86}.Release|x64.Build.0 = Release|x64
		{67F395AB-75E9-4AFA-909F-2AC4ED61BF86}.Release|x86.ActiveCfg = Release|Win32
		{67F395AB-75E9-4AFA-909F-2AC4ED61BF86}.Release|x86.Build.0 = Release|Win32
		{1B22D69E-6F7A-4496-9C53-9A69FADD6195}.Debug|x64.ActiveCfg = Debug|x64
		{1B22D69E-6F7A-4496-9C53-9A69FADD6195}.Debug|x64.Build.0 = Debug|x64
		{1B22D69E-6F7A-4496-9C53-9A69FADD6195}.Debug|x86.ActiveCfg = Debug|Win32
		{1B22D69E-6F7A-4496-9C53-9A69FADD6195}.Debug|x86.Build.0 = Debug|Win32
		{1B22D69E-6F7A-4496-9C53-9A69FADD6195}.Release|x64.ActiveCfg = Release|x64
		{1B22D69E-6F7A-4496-9C53-9A69FADD6195}.Release|x64.Build.0 = Release|x64
		{1B22D69E-6F7A-4496-9C53-9A69FADD6195}.Release|x86.ActiveCfg = Release|Win32
		{1B22D69E-6F7A-4496-9C53-9A69FADD6195}.Release|x86.Build.0 = Release|Win32
		{335B2B78-A33B-4CCA-B94F-A4EC137914EC}.Debug|x64.ActiveCfg = Debug|x64
		{335B2B78-A33B-4CCA-B94F-A4EC137914EC}.Debug|x64.Build.0 = Debug|x64
		{335B2B78-A33B-4CCA-B94F-A4EC137914EC}.Debug|x86.ActiveCfg = Debug|Win32
		{335B2B78-A33B-4CCA-B94F-A4EC137914EC}.Debug|x86.Build.0 = Debug|Win32
		{335B2B78-A33B-4CCA-B94F-A4EC137914EC}.Release|x64.ActiveCfg = Release|x64
		{335B2B78-A33B-4CCA-B94F-A4EC137914EC}.Release|x64.Build.0 = Release|x64
		{335B2B78-A33B-4CCA-B94F-A4EC137914EC}.Release|x86.ActiveCfg = Release|Win32
		{335B2B78-A33B-4CCA-B94F-A4EC137914EC}.Release|x86.Build.0 = Release|Win32
		{336A3710-8CD2-44AD-A0E5-C07225B65DF3}.Debug|x64.ActiveCfg = Debug|x64
		{336A3710-8CD2-44AD-A0E5-C07225B65DF3}.Debug|x64.Build.0 = Debug|x64
		{336A3710-8CD2-44AD-A0E5-C07225B65DF3}.Debug|x86.ActiveCfg = Debug|Win32
		{336A3710-8CD2-44AD-A0E5-C07225B65DF3}.Debug|x86.Build.0 = Debug|Win32
		{336A3710-8CD2-44AD-A0E5-C07225B65DF3}.Release|x64.ActiveCfg = Release|x64
		{336A3710-8CD2-44AD-A0E5-C07225B65DF3}.Release|x64.Build.0 = Release|x64
		{336A3710-8CD2-44AD-A0E5-C07225B65DF3}.Release|x86.ActiveCfg = Release|Win32
		{336A3710-8CD2-44AD-A0E5-C07225B65DF3}.Release|x86.Build.0 = Release|Win32
		{1FEA3AD2-C9BC-4475-9809-9E2BC5FAC5CF}.Debug|x64.ActiveCfg = Debug|x64
		{1FEA3AD2-C9BC-4475-9809-9E2BC5FAC5CF}.Debug|x64.Build.0 = Debug|x64
		{1FEA3AD2-C9BC-4475-9809-9E2BC5FAC5CF}.Debug|x86.ActiveCfg = Debug|Win32
		{1FEA3AD2-C9BC-4475-9809-9E2BC5FAC5CF}.Debug|x86.Build.0 = Debug|Win32
		{1FEA3AD2-C9BC-4475-9809-9E2BC5FAC5CF}.Release|x64.ActiveCfg = Release|x64
		{1FEA3AD2-C9BC-4475-9809-9E2BC5FAC5CF}.Release|x64.Build.0 = Release|x64
		{1FEA3AD2-C9BC-4475-9809-9E2BC5FAC5CF}.Release|x86.ActiveCfg = Release|Win32
		{1FEA3AD2-C9BC-4475-9809-9E2BC5FAC5CF}.Release|x86.Build.0 = Release|Win32
		{88C1083F-94F0-4215-A77B-A3F810098817}.Debug|x64.ActiveCfg = Debug|x64
		{88C1083F-94F0-4215-A77B-A3F810098817}.Debug|x64.Build.0 = Debug|x64
		{88C1083F-94F0-4215-A77B-A3F810098817}.Debug|x86.ActiveCfg = Debug|Win32
		{88C1083F-94F0-4215-A77B-A3F810098817}.Debug|x86.Build.0 = Debug|Win32
		{88C1083F-94F0-4215-A77B-A3F810098817}.Release|x64.ActiveCfg = Release|x64
		{88C1083F-94F0-4215-A77B-A3F810098817}.Release|x64.Build.0 = Release|x64
		{88C1083F-94F0-4215-A77B-A3F810098817}.Release|x86.ActiveCfg = Release|Win32
		{88C1083F-94F0-4215-A77B-A3F810098817}.Release|x86.Build.0 = Release|Win32
		{9583C981-84BD-4FFC-A7A4-0280BCD6F2FB}.Debug|x64.ActiveCfg = Debug|x64
		{9583C981-84BD-4FFC-A7A4-0280BCD6F2FB}.Debug|x64.Build.0 = Debug|x64
		{9583C981-84BD-4FFC-A7A4-0280BCD6F2FB}.Debug|x86.ActiveCfg = Debug|Win32
		{9583C981-84BD-4FFC-A7A4-0280BCD6F2FB}.Debug|x86.Build.0 = Debug|Win32
		{9583C981-84BD-4FFC-A7A4-0280BCD6F2FB}.Release|x64.ActiveCfg = Release|x64
		{9583C981-84BD-4FFC-A7A4-0280BCD6F2FB}.Release|x64.Build.0 = Release|x64
		{9583C981-84BD-4FFC-A7A4-0280BCD6F2FB}.Release|x86.ActiveCfg = Release|Win32
		{9583C981-84BD-4FFC-A7A4-0280BCD6F2FB}.Release|x86.Build.0 = Release|Win32
		{34887716-1908-47A1-A26A-0563A93834A5}.Debug|x64.ActiveCfg = Debug|x64
		{34887716-1908-47A1-A26A-0563A93834A5}.Debug|x64.Build.0 = Debug|x64
		{34887716-1908-47A1-A26A-0563A93834A5}.Debug|x86.ActiveCfg = Debug|Win32
		{34887716-1908-47A1-A26A-0563A93834A5}.Debug|x86.Build.0 = Debug|Win32
		{34887716-1908-47A1-A26A-0563A93834A5}.Release|x64.ActiveCfg = Release|x64
		{34887716-1908-47A1-A26A-0563A93834A5}.Release|x64.Build.0 = Release|x64
		{34887716-1908-47A1-A26A-0563A93834A5}.Release|x86.ActiveCfg = Release|Win32
		{34887716-1908-47A1-A26A-0563A93834A5}.Release|x86.Build.0 = Release|Win32
		{DEAFC507-D201-40E0-AB15-2E34FDB9B114}.Debug|x64.ActiveCfg = Debug|x64
		{DEAFC507-D201-40E0-AB15-2E34FDB9B114}.Debug|x64.Build.0 = Debug|x64
		{DEAFC507-D201-40E0-AB15-2E34FDB9B114}.Debug|x86.ActiveCfg = Debug|Win32
		{DEAFC507-D201-40E0-AB15-2E34FDB9B114}.Debug|x86.Build.0 = Debug|Win32
		{DEAFC507-D201-40E0-AB15-2E34FDB9B114}.Release|x64.ActiveCfg = Release|x64
		{DEAFC507-D201-40E0-AB15-2E34FDB9B114}.Release|x64.Build.0 = Release|x64
		{DEAFC507-D201-40E0-AB15-2E34FDB9B114}.Release|x86.ActiveCfg = Release|Win32
		{DEAFC507-D201-40E0-AB15-2E34FDB9B114}.Release|x86.Build.0 = Release|Win32
		{F178EB56-BE51-4926-8AB5-3F8C5D502BB4}.Debug|x64.ActiveCfg = Debug|x64
		{F178EB56-BE51-4926-8AB5-3F8C5D502BB4}.Debug|x64.Build.0 = Debug|x64
		{F178EB56-BE51-4926-8AB5-3F8C5D502BB4}.Debug|x86.ActiveCfg = Debug|Win32
		{F178EB56-BE51-4926-8AB5-3F8C5D502BB4}.Debug|x86.Build.0 = Debug|Win32
		{F178EB56-BE51-4926-8AB5-3F8C5D502BB4}.Release|x64.ActiveCfg = Release|x64
		{F178EB56-BE51-4926-8AB5-3F8C5D502BB4}.Release|x64.Build.0 = Release|x64
		{F178EB56-BE51-4926-8AB5-3F8C5D502BB4}.Release|x86.ActiveCfg = Release|Win32
		{F178EB56-BE51-4926-8AB5-3F8C5D502BB4}.Release|x86.Build.0 = Release|Win32
		{6698326D-D182-40E9-B8AB-30BB962E7583}.Debug|x64.ActiveCfg = Debug|x64
		{6698326D-D182-40E9-B8AB-30BB962E7583}.Debug|x64.Build.0 = Debug|x64
		{6698326D-D182-40E9-B8AB-30BB962E7583}.Debug|x86.ActiveCfg = Debug|Win32
		{6698326D-D182-40E9-B8AB-30BB962E7583}.Debug|x86.Build.0 = Debug|Win32
		{6698326D-D182-40E9-B8AB-30BB962E7583}.Release|x64.ActiveCfg = Release|x64
		{6698326D-D182-40E9-B8AB-30BB962E7583}.Release|x64.Build.0 = Release|x64
		{6698326D-D182-40E9-B8AB-30BB962E7583}.Release|x86.ActiveCfg = Release|Win32
		{6698326D-D182-40E9-B8AB-30BB962E7583}.Release|x86.Build.0 = Release|Win32
		{B2EEDC50-2B82-40CA-94A3-5440C0FA7A77}.Debug|x64.ActiveCfg = Debug|x64
		{B2EEDC50-2B82-40CA-94A3-5440C0FA7A77}.Debug|x64.Build.0 = Debug|x64
		{B2EEDC50-2B82-40CA-94A3-5440C0FA7A77}.Debug|x86.ActiveCfg = Debug|Win32
		{B2EEDC50-2B82-40CA-94A3-5440C0FA7A77}.Debug|x86.Build.0 = Debug|Win32
		{B2EEDC50-2B82-40CA-94A3-5440C0FA7A77}.Release|x64.ActiveCfg = Release|x64
		{B2EEDC50-2B82-40CA-94A3-5440C0FA7A77}.Release|x64.Build.0 = Release|x64
		{B2EEDC50-2B82-40CA-94A3-5440C0FA7A77}.Release|x86.ActiveCfg = Release|Win32
		{B2EEDC50-2B82-40CA-94A3-5440C0FA7A77}.Release|x86.Build.0 = Release|Win32
		{F52EDFCD-7B4E-4F19-B89B-8C4B1C394892}.Debug|x64.ActiveCfg = Debug|x64
		{F52EDFCD-7B4E-4F19-B89B-8C4B1C394892}.Debug|x64.Build.0 = Debug|x64
		{F52EDFCD-7B4E-4F19-B89B-8C4B1C394892}.Debug|x86.ActiveCfg = Debug|Win32
		{F52EDFCD-7B4E-4F19-B89B-8C4B1C394892}.Debug|x86.Build.0 = Debug|Win32
		{F52EDFCD-7B4E-4F19-B89B-8C4B1C394892}.Release|x64.ActiveCfg = Release|x64
		{F52EDFCD-7B4E-4F19-B89B-8C4B1C394892}.Release|x64.Build.0 = Release|x64
		{F52EDFCD-7B4E-4F19-B89B-8C4B1C394892}.Release|x86.ActiveCfg = Release|Win32
		{F52EDFCD-7B4E-4F19-B89B-8C4B1C394892}.Release|x86.Build.0 = Release|Win32
		{8DE1ADDA-444C-44FC-AA41-E46922EC4EC2}.Debug|x64.ActiveCfg = Debug|x64
		{8DE1ADDA-444C-44FC-AA41-E46922EC4EC2}.Debug|x64.Build.0 = Debug|x64
		{8DE1ADDA-444C-44FC-AA41-E46922EC4EC2}.Debug|x86.ActiveCfg = Debug|Win32
		{8DE1ADDA-444C-44FC-AA41-E46922EC4EC2}.Debug|x86.Build.0 = Debug|Win32
		{8DE1ADDA-444C-44FC-AA41-E46922EC4EC2}.Release|x64.ActiveCfg = Release|x64
		{8DE1ADDA-444C-44FC-AA41-E46922EC4EC2}.Release|x64.Build.0 = Release|x64
		{8DE1ADDA-444C-44FC-AA41-E46922EC4EC2}.Release|x86.ActiveCfg = Release|Win32
		{8DE1ADDA-444C-44FC-AA41-E46922EC4EC2}.Release|x86.Build.0 = Release|Win32
		{2C67F6F0-358E-41BA-96F8-F90DC04622FC}.Debug|x64.ActiveCfg = Debug|x64
		{2C67F6F0-358E-41BA-96F8-F90DC04622FC}.Debug|x64.Build.0 = Debug|x64
		{2C67F6F0-358E-41BA-96F8-F90DC04622FC}.Debug|x86.ActiveCfg = Debug|Win32
		{2C67F6F0-358E-41BA-96F8-F90DC04622FC}.Debug|x86.Build.0 = Debug|Win32
		{2C67F6F0-358E-41BA-96F8-F90DC04622FC}.Release|x64.ActiveCfg = Release|x64
		{2C67F6F0-358E-41BA-96F8-F90DC04622FC}.Release|x64.Build.0 = Release|x64
		{2C67F6F0-358E-41BA-96F8-F90DC04622FC}.Release|x86.ActiveCfg = Release|Win32
		{2C67F6F0-358E-41BA-96F8-F90DC04622FC}.Release|x86.Build.0 = Release|Win32
		{F4EBD1B5-4231-4344-9CA0-9B3FFAD35AEE}.Debug|x64.ActiveCfg = Debug|x64
		{F4EBD1B5-4231-4344-9CA0-9B3FFAD35AEE}.Debug|x64.Build.0 = Debug|x64
		{F4EBD1B5-4231-4344-9CA0-9B3FFAD35AEE}.Debug|x86.ActiveCfg = Debug|Win32
		{F4EBD1B5-4231-4344-9CA0-9B3FFAD35AEE}.Debug|x86.Build.0 = Debug|Win32
		{F4EBD1B5-4231-4344-9CA0-9B3FFAD35AEE}.Release|x64.ActiveCfg = Release|x64
		{F4EBD1B5-4231-4344-9CA0-9B3FFAD35AEE}.Release|x64.Build.0 = Release|x64
		{F4EBD1B5-4231-4344-9CA0-9B3FFAD35AEE}.Release|x86.ActiveCfg = Release|Win32
		{F4EBD1B5-4231-4344-9CA0-9B3FFAD35AEE}.Release|x86.Build.0 = Release|Win32
		{1738E1E6-6392-4901-AA93-A611666C4B53}.Debug|x64.ActiveCfg = Debug|x64
		{1738E1E6-6392-4901-AA93-A611666C4B53}.Debug|x64.Build.0 = Debug|x64
		{1738E1E6-6392-4901-AA93-A611666C4B53}.Debug|x86.ActiveCfg = Debug|Win32
		{1738E1E6-6392-4901-AA93-A611666C4B53}.Debug|x86.Build.0 = Debug|Win32
		{1738E1E6-6392-4901-AA93-A611666C4B53}.Release|x64.ActiveCfg = Release|x64
		{1738E1E6-6392-4901-AA93-A611666C4B53}.Release|x64.Build.0 = Release|x64
		{1738E1E6-6392-4901-AA93-A611666C4B53}.Release|x86.ActiveCfg = Release|Win32
		{1738E1E6-6392-4901-AA93-A611666C4B53}.Release|x86.Build.0 = Release|Win32
		{0E7246F6-4EDC-48CA-A00B-B16F033031B4}.Debug|x64.ActiveCfg = Debug|x64
		{0E7246F6-4EDC-48CA-A00B-B16F033031B4}.Debug|x64.Build.0 = Debug|x64
		{0E7246F6-4EDC-48CA-A00B-B16F033031B4}.Debug|x86.ActiveCfg = Debug|Win32
		{0E7246F6-4EDC-48CA-A00B-B16F033031B4}.Debug|x86.Build.0 = Debug|Win32
		{0E7246F6-4EDC-48CA-A00B-B16F033031B4}.Release|x64.ActiveCfg = Release|x64
		{0E7246F6-4EDC-48CA-A00B-B16F033031B4}.Release|x64.Build.0 = Release|x64
		{0E7246F6-4EDC-48CA-A00B-B16F033031B4}.Release|x86.ActiveCfg = Release|Win32
		{0E7246F6-4EDC-48CA-A00B-B16F033031B4}.Release|x86.Build.0 = Release|Win32
		{6EFEE696-BFB2-4DF9-94E2-B57F98B4068B}.Debug|x64.ActiveCfg = Debug|x64
		{6EFEE696-BFB2-4DF9-94E2-B57F98B4068B}.Debug|x64.Build.0 = Debug|x64
		{6EFEE696-BFB2-4DF9-94E2-B57F98B4068B}.Debug|x86.ActiveCfg = Debug|Win32
		{6EFEE696-BFB2-4DF9-94E2-B57F98B4068B}.Debug|x86.Build.0 = Debug|Win32
		{6EFEE696-BFB2-4DF9-94E2-B57F98B4068B}.Release|x64.ActiveCfg = Release|x64
		{6EFEE696-BFB2-4DF9-94E2-B57F98B4068B}.Release|x64.Build.0 = Release|x64
		{6EFEE696-BFB2-4DF9-94E2-B57F98B4068B}.Release|x86.ActiveCfg = Release|Win32
		{6EFEE696-BFB2-4DF9-94E2-B57F98B4068B}.Release|x86.Build.0 = Release|Win32
		{2492A45A-9EB3-4BBA-893C-C0D937604AF3}.Debug|x64.ActiveCfg = Debug|x64
		{2492A45A-9EB3-4BBA-893C-C0D937604AF3}.Debug|x64.Build.0 = Debug|x64
		{2492A45A-9EB3-4BBA-893C-C0D937604AF3}.Debug|x86.ActiveCfg = Debug|Win32
		{2492A45A-9EB3-4BBA-893C-C0D937604AF3}.Debug|x86.Build.0 = Debug|Win32
		{2492A45A-9EB3-4BBA-893C-C0D937604AF3}.Release|x64.ActiveCfg = Release|x64
		{2492A45A-9EB3-4BBA-893C-C0D937604AF3}.Release|x64.Build.0 = Release|x64
		{2492A45A-9EB3-4BBA-893C-C0D937604AF3}.Release|x86.ActiveCfg = Release|Win32
		{2492A45A-9EB3-4BBA-893C-C0D937604AF3}.Release|x86.Build.0 = Release|Win32
		{ED4F394B-8311-4D5F-8D9E-FF15B8A853C7}.Debug|x64.ActiveCfg = Debug|x64
		{ED4F394B-8311-4D5F-8D9E-FF15B8A853C7}.Debug|x64.Build.0 = Debug|x64
		{ED4F394B-8311-4D5F-8D9E-FF15B8A853C7}.Debug|x86.ActiveCfg = Debug|Win32
		{ED4F394B-8311-4D5F-8D9E-FF15B8A853C7}.Debug|x86.Build.0 = Debug|Win32
		{ED4F394B-8311-4D5F-8D9E-FF15B8A853C7}.Release|x64.ActiveCfg = Release|x64
		{ED4F394B-8311-4D5F-8D9E-FF15B8A853C7}.Release|x64.Build.0 = Release|x64
		{ED4F394B-8311-4D5F-8D9E-FF15B8A853C7}.Release|x86.ActiveCfg = Release|Win32
		{ED4F394B-8311-4D5F-8D9E-FF15B8A853C7}.Release|x86.Build.0 = Release|Win32
		{685DCE2A-1E8F-4D22-A3EC-797D7EA26BAA}.Debug|x64.ActiveCfg = Debug|x64
		{685DCE2A-1E8F-4D22-A3EC-797D7EA26BAA}.Debug|x64.Build.0 = Debug|x64
		{685DCE2A-1E8F-4D22-A3EC-797D7EA26BAA}.Debug|x86.ActiveCfg = Debug|Win32
		{685DCE2A-1E8F-4D22-A3EC-797D7EA26BAA}.Debug|x86.Build.0 = Debug|Win32
		{685DCE2A-1E8F-4D22-A3EC-797D7EA26BAA}.Release|x64.ActiveCfg = Release|x64
		{685DCE2A-1E8F-4D22-A3EC-797D7EA26BAA}.Release|x64.Build.0 = Release|x64
		{685DCE2A-1E8F-4D22-A3EC-797D7EA26BAA}.Release|x86.ActiveCfg = Release|Win32
		{685DCE2A-1E8F-4D22-A3EC-797D7EA26BAA}.Release|x86.Build.0 = Release|Win32
		{EA414D7F-19F7-4CA0-A518-DCCC36928240}.Debug|x64.ActiveCfg = Debug|x64
		{EA414D7F-19F7-4CA0-A518-DCCC36928240}.Debug|x64.Build.0 = Debug|x64
		{EA414D7F-19F7-4CA0-A518-DCCC36928240}.Debug|x86.ActiveCfg = Debug|Win32
		{EA414D7F-19F7-4CA0-A518-DCCC36928240}.Debug|x86.Build.0 = Debug|Win32
		{EA414D7F-19F7-4CA0-A518-DCCC36928240}.Release|x64.ActiveCfg = Release|x64
		{EA414D7F-19F7-4CA0-A518-DCCC36928240}.Release|x64.Build.0 = Release|x64
		{EA414D7F-19F7-4CA0-A518-DCCC36928240}.Release|x86.ActiveCfg = Release|Win32
		{EA414D7F-19F7-4CA0-A518-DCCC36928240}.Release|x86.Build.0 = Release|Win32
		{9FB64A43-D52E-4F50-8EB6-328AAFA293A7}.Debug|x64.ActiveCfg = Debug|x64
		{9FB64A43-D52E-4F50-8EB6-328AAFA293A7}.Debug|x64.Build.0 = Debug|x64
		{9FB64A43-D52E-4F50-8EB6-328AAFA293A7}.Debug|x86.ActiveCfg = Debug|Win32
		{9FB64A43-D52E-4F50-8EB6-328AAFA293A7}.Debug|x86.Build.0 = Debug|Win32
		{9FB64A43-D52E-4F50-8EB6-328AAFA293A7}.Release|x64.ActiveCfg = Release|x64
		{9FB64A43-D52E-4F50-8EB6-328AAFA293A7}.Release|x64.Build.0 = Release|x64
		{9FB64A43-D52E-4F50-8EB6-328AAFA293A7}.Release|x86.ActiveCfg = Release|Win32
		{9FB64A43-D52E-4F50-8EB6-328AAFA293A7}.Release|x86.Build.0 = Release|Win32
		{71824B46-B14F-4E3E-9E6A-A7D87DC9C9E3}.Debug|x64.ActiveCfg = Debug|x64
		{71824B46-B14F-4E3E-9E6A-A7D87DC9C9E3}.Debug|x64.Build.0 = Debug|x64
		{71824B46-B14F-4E3E-9E6A-A7D87DC9C9E3}.Debug|x86.ActiveCfg = Debug|Win32
		{71824B46-B14F-4E3E-9E6A-A7D87DC9C9E3}.Debug|x86.Build.0 = Debug|Win32
		{71824B46-B14F-4E3E-9E6A-A7D87DC9C9E3}.Release|x64.ActiveCfg = Release|x64
		{71824B46-B14F-4E3E-9E6A-A7D87DC9C9E3}.Release|x64.Build.0 = Release|x64
		{71824B46-B14F-4E3E-9E6A-A7D87DC9C9E3}.Release|x86.ActiveCfg = Release|Win32
		{71824B46-B14F-4E3E-9E6A-A7D87DC9C9E3}.Release|x86.Build.0 = Release|Win32
		{282234A7-F3F8-4543-B8A1-F7B597D00DA3}.Debug|x64.ActiveCfg = Debug|x64
		{282234A7-F3F8-4543-B8A1-F7B597D00DA3}.Debug|x64.Build.0 = Debug|x64
		{282234A7-F3F8-4543-B8A1-F7B597D00DA3}.Debug|x86.ActiveCfg = Debug|Win32
		{282234A7-F3F8-4543-B8A1-F7B597D00DA3}.Debug|x86.Build.0 = Debug|Win32
		{282234A7-F3F8-4543-B8A1-F7B597D00DA3}.Release|x64.ActiveCfg = Release|x64
		{282234A7-F3F8-4543-B8A1-F7B597D00DA3}.Release|x64.Build.0 = Release|x64
		{282234A7-F3F8-4543-B8A1-F7B597D00DA3}.Release|x86.ActiveCfg = Release|Win32
		{282234A7-F3F8-4543-B8A1-F7B597D00DA3}.Release|x86.Build.0 = Release|Win32
		{6D8E9ACF-A9D0-45C5-9700-28C0195B7C7A}.Debug|x64.ActiveCfg = Debug|x64
		{6D8E9ACF-A9D0-45C5-9700-28C0195B7C7A}.Debug|x64.Build.0 = Debug|x64
		{6D8E9ACF-A9D0-45C5-9700-28C0195B7C7A}.Debug|x86.ActiveCfg = Debug|Win32
		{6D8E9ACF-A9D0-45C5-9700-28C0195B7C7A}.Debug|x86.Build.0 = Debug|Win32
		{6D8E9ACF-A9D0-45C5-9700-28C0195B7C7A}.Release|x64.ActiveCfg = Release|x64
		{6D8E9ACF-A9D0-45C5-9700-28C0195B7C7A}.Release|x64.Build.0 = Release|x64
		{6D8E9ACF-A9D0-45C5-9700-28C0195B7C7A}.Release|x86.ActiveCfg = Release|Win32
		{6D8E9ACF-A9D0-45C5-9700-28C0195B7C7A}.Release|x86.Build.0 = Release|Win32
		{67B21D14-0263-40B4-A3DB-DBD218B63B26}.Debug|x64.ActiveCfg = Debug|x64
		{67B21D14-0263-40B4-A3DB-DBD218B63B26}.Debug|x64.Build.0 = Debug|x64
		{67B21D14-0263-40B4-A3DB-DBD218B63B26}.Debug|x86.ActiveCfg = Debug|Win32
		{67B21D14-0263-40B4-A3DB-DBD218B63B26}.Debug|x86.Build.0 = Debug|Win32
		{67B21D14-0263-40B4-A3DB-DBD218B63B26}.Release|x64.ActiveCfg = Release|x64
		{67B21D14-0263-40B4-A3DB-DBD218B63B26}.Release|x64.Build.0 = Release|x64
		{67B21D14-0263-40B4-A3DB-DBD218B63B26}.Release|x86.ActiveCfg = Release|Win32
		{67B21D14-0263-40B4-A3DB-DBD218B63B26}.Release|x86.Build.0 = Release|Win32
		{A7E66D00-80E9-4657-BB4F-B528C094C21A}.Debug|x64.ActiveCfg = Debug|x64
		{A7E66D00-80E9-4657-BB4F-B528C094C21A}.Debug|x64.Build.0 = Debug|x64
		{A7E66D00-80E9-4657-BB4F-B528C094C21A}.Debug|x86.ActiveCfg = Debug|Win32
		{A7E66D00-80E9-4657-BB4F-B528C094C21A}.Debug|x86.Build.0 = Debug|Win32
		{A7E66D00-80E9-4657-BB4F-B528C094C21A}.Release|x64.ActiveCfg = Release|x64
		{A7E66D00-80E9-4657-BB4F-B528C094C21A}.Release|x64.Build.0 = Release|x64
		{A7E66D00-80E9-4657-BB4F-B528C094C21A}.Release|x86.ActiveCfg = Release|Win32
		{A7E66D00-80E9-4657-BB4F-B528C094C21A}.Release|x86.Build.0 = Release|Win32
		{822A01CC-4C86-40D3-8C94-6A026EF400C2}.Debug|x64.ActiveCfg = Debug|x64
		{822A01CC-4C86-40D3-8C94-6A026EF400C2}.Debug|x64.Build.0 = Debug|x64
		{822A01CC-4C86-40D3-8C94-6A026EF400C2}.Debug|x86.ActiveCfg = Debug|Win32
		{822A01CC-4C86-40D3-8C94-6A026EF400C2}.Debug|x86.Build.0 = Debug|Win32
		{822A01CC-4C86-40D3-8C94-6A026EF400C2}.Release|x64.ActiveCfg = Release|x64
		{822A01CC-4C86-40D3-8C94-6A026EF400C2}.Release|x64.Build.0 = Release|x64
		{822A01CC-4C86-40D3-8C94-6A026EF400C2}.Release|x86.ActiveCfg = Release|Win32
		{822A01CC-4C86-40D3-8C94-6A026EF400C2}.Release|x86.Build.0 = Release|Win32
		{E02A2F6B-0340-4F4A-A5B6-38E9BA2800EA}.Debug|x64.ActiveCfg = Debug|x64
		{E02A2F6B-0340-4F4A-A5B6-38E9BA2800EA}.Debug|x64.Build.0 = Debug|x64
		{E02A2F6B-0340-4F4A-A5B6-38E9BA2800EA}.Debug|x86.ActiveCfg = Debug|Win32
		{E02A2F6B-0340-4F4A-A5B6-38E9BA2800EA}.Debug|x86.Build.0 = Debug|Win32
		{E02A2F6B-0340-4F4A-A5B6-38E9BA2800EA}.Release|x64.ActiveCfg = Release|x64
		{E02A2F6B-0340-4F4A-A5B6-38E9BA2800EA}.Release|x64.Build.0 = Release|x64
		{E02A2F6B-0340-4F4A-A5B6-38E9BA2800EA}.Release|x86.ActiveCfg = Release|Win32
		{E02A2F6B-0340-4F4A-A5B6-38E9BA2800EA}.Release|x86.Build.0 = Release|Win32
		{B7C01FD0-9E1A-45CF-9AA8-AC0F305341A5}.Debug|x64.ActiveCfg = Debug|x64
		{B7C01FD0-9E1A-45CF-9AA8-AC0F305341A5}.Debug|x64.Build.0 = Debug|x64
		{B7C01FD0-9E1A-45CF-9AA8-AC0F305341A5}.Debug|x86.ActiveCfg = Debug|Win32
		{B7C01FD0-9E1A-45CF-9AA8-AC0F305341A5}.Debug|x86.Build.0 = Debug|Win32
		{B7C01FD0-9E1A-45CF-9AA8-AC0F305341A5}.Release|x64.ActiveCfg = Release|x64
		{B7C01FD0-9E1A-45CF-9AA8-AC0F305341A5}.Release|x64.Build.0 = Release|x64
		{B7C01FD0-9E1A-45CF-9AA8-AC0F305341A5}.Release|x86.ActiveCfg = Release|Win32
		{B7C01FD0-9E1A-45CF-9AA8-AC0F305341A5}.Release|x86.Build.0 = Release|Win32
		{6B333546-C665-4708-BB23-72DCE310EF0B}.Debug|x64.ActiveCfg = Debug|x64
		{6B333546-C665-4708-BB23-72DCE310EF0B}.Debug|x64.Build.0 = Debug|x64
		{6B333546-C665-4708-BB23-72DCE310EF0B}.Debug|x86.ActiveCfg = Debug|Win32
		{6B333546-C665-4708-BB23-72DCE310EF0B}.Debug|x86.Build.0 = Debug|Win32
		{6B333546-C665-4708-BB23-72DCE310EF0B}.Release|x64.ActiveCfg = Release|x64
		{6B333546-C665-4708-BB23-72DCE310EF0B}.Release|x64.Build.0 = Release|x64
		{6B333546-C665-4708-BB23-72DCE310EF0B}.Release|x86.ActiveCfg = Release|Win32
		{6B333546-C665-4708-BB23-72DCE310EF0B}.Release|x86.Build.0 = Release|Win32
		{53439FB2-B5B5-4BCB-B166-AA4D63DD3FAF}.Debug|x64.ActiveCfg = Debug|x64
		{53439FB2-B5B5-4BCB-B166-AA4D63DD3FAF}.Debug|x64.Build.0 = Debug|x64
		{53439FB2-B5B5-4BCB-B166-AA4D63DD3FAF}.Debug|x86.ActiveCfg = Debug|Win32
		{53439FB2-B5B5-4BCB-B166-AA4D63DD3FAF}.Debug|x86.Build.0 = Debug|Win32
		{53439FB2-B5B5-4BCB-B166-AA4D63DD3FAF}.Release|x64.ActiveCfg = Release|x64
		{53439FB2-B5B5-4BCB-B166-AA4D63DD3FAF}.Release|x64.Build.0 = Release|x64
		{53439FB2-B5B5-4BCB-B166-AA4D63DD3FAF}.Release|x86.ActiveCfg = Release|Win32
		{53439FB2-B5B5-4BCB-B166-AA4D63DD3FAF}.Release|x86.Build.0 = Release|Win32
		{99F064D4-43B2-477B-A1FC-DE76EE2E347C}.Debug|x64.ActiveCfg = Debug|x64
		{99F064D4-43B2-477B-A1FC-DE76EE2E347C}.Debug|x64.Build.0 = Debug|x64
		{99F064D4-43B2-477B-A1FC-DE76EE2E347C}.Debug|x86.ActiveCfg = Debug|Win32
		{99F064D4-43B2-477B-A1FC-DE76EE2E347C}.Debug|x86.Build.0 = Debug|Win32
		{99F064D4-43B2-477B-A1FC-DE76EE2E347C}.Release|x64.ActiveCfg = Release|x64
		{99F064D4-43B2-477B-A1FC-DE76EE2E347C}.Release|x64.Build.0 = Release|x64
		{99F064D4-43B2-477B-A1FC-DE76EE2E347C}.Release|x86.ActiveCfg = Release|Win32
		{99F064D4-43B2-477B-A1FC-DE76EE2E347C}.Release|x86.Build.0 = Release|Win32
		{3677FBA9-F7D7-45F5-A2AD-5FBD35A69AE0}.Debug|x64.ActiveCfg = Debug|x64
		{3677FBA9-F7D7-45F5-A2AD-5FBD35A69AE0}.Debug|x64.Build.0 = Debug|x64
		{3677FBA9-F7D7-45F5-A2AD-5FBD35A69AE0}.Debug|x86.ActiveCfg = Debug|Win32
		{3677FBA9-F7D7-45F5-A2AD-5FBD35A69AE0}.Debug|x86.Build.0 = Debug|Win32
		{3677FBA9-F7D7-45F5-A2AD-5FBD35A69AE0}.Release|x64.ActiveCfg = Release|x64
		{3677FBA9-F7D7-45F5-A2AD-5FBD35A69AE0}.Release|x64.Build.0 = Release|x64
		{3677FBA9-F7D7-45F5-A2AD-5FBD35A69AE0}.Release|x86.ActiveCfg = Release|Win32
		{3677FBA9-F7D7-45F5-A2AD-5FBD35A69AE0}.Release|x86.Build.0 = Release|Win32
		{FC416DE8-9D1D-497F-906E-5842E3F34EA6}.Debug|x64.ActiveCfg = Debug|x64
		{FC416DE8-9D1D-497F-906E-5842E3F34EA6}.Debug|x64.Build.0 = Debug|x64
		{FC416DE8-9D1D-497F-906E-5842E3F34EA6}.Debug|x86.ActiveCfg = Debug|Win32
		{FC416DE8-9D1D-497F-906E-5842E3F34EA6}.Debug|x86.Build.0 = Debug|Win32
		{FC416DE8-9D1D-497F-906E-5842E3F34EA6}.Release|x64.ActiveCfg = Release|x64
		{FC416DE8-9D1D-497F-906E-5842E3F34EA6}.Release|x64.Build.0 = Release|x64
		{FC416DE8-9D1D-497F-906E-5842E3F34EA6}.Release|x86.ActiveCfg = Release|Win32
		{FC416DE8-9D1D-497F-906E-5842E3F34EA6}.Release|x86.Build.0 = Release|Win32
		{9BBE7869-A2D2-4331-86E9-BF1D146310A1}.Debug|x64.ActiveCfg = Debug|x64
		{9BBE7869-A2D2-4331-86E9-BF1D146310A1}.Debug|x64.Build.0 = Debug|x64
		{9BBE7869-A2D2-4331-86E9-BF1D146310A1}.Debug|x86.ActiveCfg = Debug|Win32
		{9BBE7869-A2D2-4331-86E9-BF1D146310A1}.Debug|x86.Build.0 = Debug|Win32
		{9BBE7869-A2D2-4331-86E9-BF1D146310A1}.Release|x64.ActiveCfg = Release|x64
		{9BBE7869-A2D2-4331-86E9-BF1D146310A1}.Release|x64.Build.0 = Release|x64
		{9BBE7869-A2D2-4331-86E9-BF1D146310A1}.Release|x86.ActiveCfg = Release|Win32
		{9BBE7869-A2D2-4331-86E9-BF1D146310A1}.Release|x86.Build.0 = Release|Win32
		{51532CEB-BFDE-4B46-B1DA-36E04F8D2E30}.Debug|x64.ActiveCfg = Debug|x64
		{51532CEB-BFDE-4B46-B1DA-36E04F8D2E30}.Debug|x64.Build.0 = Debug|x64
		{51532CEB-BFDE-4B46-B1DA-36E04F8D2E30}.Debug|x86.ActiveCfg = Debug|Win32
		{51532CEB-BFDE-4B46-B1DA-36E04F8D2E30}.Debug|x86.Build.0 = Debug|Win32
		{51532CEB-BFDE-4B46-B1DA-36E04F8D2E30}.Release|x64.ActiveCfg = Release|x64
		{51532CEB-BFDE-4B46-B1DA-36E04F8D2E30}.Release|x64.Build.0 = Release|x64
		{51532CEB-BFDE-4B46-B1DA-36E04F8D2E30}.Release|x86.ActiveCfg = Release|Win32
		{51532CEB-BFDE-4B46-B1DA-36E04F8D2E30}.Release|x86.Build.0 = Release|Win32
		{E808DA86-D32B-4C8F-9930-89632A71E4FD}.Debug|x64.ActiveCfg = Debug|x64
		{E808DA86-D32B-4C8F-9930-89632A71E4FD}.Debug|x64.Build.0 = Debug|x64
		{E808DA86-D32B-4C8F-9930-89632A71E4FD}.Debug|x86.ActiveCfg = Debug|Win32
		{E808DA86-D32B-4C8F-9930-89632A71E4FD}.Debug|x86.Build.0 = Debug|Win32
		{E808DA86-D32B-4C8F-9930-89632A71E4FD}.Release|x64.ActiveCfg = Release|x64
		{E808DA86-D32B-4C8F-9930-89632A71E4FD}.Release|x64.Build.0 = Release|x64
		{E808DA86-D32B-4C8F-9930-89632A71E4FD}.Release|x86.ActiveCfg = Release|Win32
		{E808DA86-D32B-4C8F-9930-89632A71E4FD}.Release|x86.Build.0 = Release|Win32
		{D091E741-6DB4-4F88-B6EE-7F1BF5E4F239}.Debug|x64.ActiveCfg = Debug|x64
		{D091E741-6DB4-4F88-B6EE-7F1BF5E4F239}.Debug|x64.Build.0 = Debug|x64
		{D091E741-6DB4-4F88-B6EE-7F1BF5E4F239}.Debug|x86.ActiveCfg = Debug|Win32
		{D091E741-6DB4-4F88-B6EE-7F1BF5E4F239}.Debug|x86.Build.0 = Debug|Win32
		{D091E741-6DB4-4F88-B6EE-7F1BF5E4F239}.Release|x64.ActiveCfg = Release|x64
		{D091E741-6DB4-4F88-B6EE-7F1BF5E4F239}.Release|x64.Build.0 = Release|x64
		{D091E741-6DB4-4F88-B6EE-7F1BF5E4F239}.Release|x86.ActiveCfg = Release|Win32
		{D091E741-6DB4-4F88-B6EE-7F1BF5E4F239}.Release|x86.Build.0 = Release|Win32
		{E199637F-5FFD-4F8E-8F42-71E910CF7B72}.Debug|x64.ActiveCfg = Debug|x64
		{E199637F-5FFD-4F8E-8F42-71E910CF7B72}.Debug|x64.Build.0 = Debug|x64
		{E199637F-5FFD-4F8E-8F42-71E910CF7B72}.Debug|x86.ActiveCfg = Debug|Win32
		{E199637F-5FFD-4F8E-8F42-71E910CF7B72}.Debug|x86.Build.0 = Debug|Win32
		{E199637F-5FFD-4F8E-8F42-71E910CF7B72}.Release|x64.ActiveCfg = Release|x64
		{E199637F-5FFD-4F8E-8F42-71E910CF7B72}.Release|x64.Build.0 = Release|x64
		{E199637F-5FFD-4F8E-8F42-71E910CF7B72}.Release|x86.ActiveCfg = Release|Win32
		{E199637F-5FFD-4F8E-8F42-71E910CF7B72}.Release|x86.Build.0 = Release|Win32
		{7DC06838-FB1F-4ED1-B213-17AC061641F9}.Debug|x64.ActiveCfg = Debug|x64
		{7DC06838-FB1F-4ED1-B213-17AC061641F9}.Debug|x64.Build.0 = Debug|x64
		{7DC06838-FB1F-4ED1-B213-17AC061641F9}.Debug|x86.ActiveCfg = Debug|Win32
		{7DC06838-FB1F-4ED1-B213-17AC061641F9}.Debug|x86.Build.0 = Debug|Win32
		{7DC06838-FB1F-4ED1-B213-17AC061641F9}.Release|x64.ActiveCfg = Release|x64
		{7DC06838-FB1F-4ED1-B213-17AC061641F9}.Release|x64.Build.0 = Release|x64
		{7DC06838-FB1F-4ED1-B213-17AC061641F9}.Release|x86.ActiveCfg = Release|Win32
		{7DC06838-FB1F-4ED1-B213-17AC061641F9}.Release|x86.Build.0 = Release|Win32
		{EFE2F84A-5FBA-40CE-B070-E0E3E92BF068}.Debug|x64.ActiveCfg = Debug|x64
		{EFE2F84A-5FBA-40CE-B070-E0E3E92BF068}.Debug|x64.Build.0 = Debug|x64
		{EFE2F84A-5FBA-40CE-B070-E0E3E92BF068}.Debug|x86.ActiveCfg = Debug|Win32
		{EFE2F84A-5FBA-40CE-B070-E0E3E92BF068}.Debug|x86.Build.0 = Debug|Win32
		{EFE2F84A-5FBA-40CE-B070-E0E3E92BF068}.Release|x64.ActiveCfg = Release|x64
		{EFE2F84A-5FBA-40CE-B070-E0E3E92BF068}.Release|x64.Build.0 = Release|x64
		{EFE2F84A-5FBA-40CE-B070-E0E3E92BF068}.Release|x86.ActiveCfg = Release|Win32
		{EFE2F84A-5FBA-40CE-B070-E0E3E92BF068}.Release|x86.Build.0 = Release|Win32
		{5551DDD7-6ED0-497E-B688-A83C53358A86}.Debug|x64.ActiveCfg = Debug|x64
		{5551DDD7-6ED0-497E-B688-A83C53358A86}.Debug|x64.Build.0 = Debug|x64
		{5551DDD7-6ED0-497E-B688-A83C53358A86}.Debug|x86.ActiveCfg = Debug|Win32
		{5551DDD7-6ED0-497E-B688-A83C53358A86}.Debug|x86.Build.0 = Debug|Win32
		{5551DDD7-6ED0-497E-B688-A83C53358A86}.Release|x64.ActiveCfg = Release|x64
		{5551DDD7-6ED0-497E-B688-A83C53358A86}.Release|x64.Build.0 = Release|x64
		{5551DDD7-6ED0-497E-B688-A83C53358A86}.Release|x86.ActiveCfg = Release|Win32
		{5551DDD7-6ED0-497E-B688-A83C53358A86}.Release|x86.Build.0 = Release|Win32
		{C3B89D61-9FFB-4829-9B60-DAE8754D613B}.Debug|x64.ActiveCfg = Debug|x64
		{C3B89D61-9FFB-4829-9B60-DAE8754D613B}.Debug|x64.Build.0 = Debug|x64
		{C3B89D61-9FFB-4829-9B60-DAE8754D613B}.Debug|x86.ActiveCfg = Debug|Win32
		{C3B89D61-9FFB-4829-9B60-DAE8754D613B}.Debug|x86.Build.0 = Debug|Win32
		{C3B89D61-9FFB-4829-9B60-DAE8754D613B}.Release|x64.ActiveCfg = Release|x64
		{C3B89D61-9FFB-4829-9B60-DAE8754D613B}.Release|x64.Build.0 = Release|x64
		{C3B89D61-9FFB-4829-9B60-DAE8754D613B}.Release|x86.ActiveCfg = Release|Win32
		{C3B89D61-9FFB-4829-9B60-DAE8754D613B}.Release|x86.Build.0 = Release|Win32
		{1A0D4697-CD0F-4A0E-8F87-26B4F0443958}.Debug|x64.ActiveCfg = Debug|x64
		{1A0D4697-CD0F-4A0E-8F87-26B4F0443958}.Debug|x64.Build.0 = Debug|x64
		{1A0D4697-CD0F-4A0E-8F87-26B4F0443958}.Debug|x86.ActiveCfg = Debug|Win32
		{1A0D4697-CD0F-4A0E-8F87-26B4F0443958}.Debug|x86.Build.0 = Debug|Win32
		{1A0D4697-CD0F-4A0E-8F87-26B4F0443958}.Release|x64.ActiveCfg = Release|x64
		{1A0D4697-CD0F-4A0E-8F87-26B4F0443958}.Release|x64.Build.0 = Release|x64
		{1A0D4697-CD0F-4A0E-8F87-26B4F0443958}.Release|x86.ActiveCfg = Release|Win32
		{1A0D4697-CD0F-4A0E-8F87-26B4F0443958}.Release|x86.Build.0 = Release|Win32
		{0EC1D2B9-F16B-4F3E-BA66-16146F16B205}.Debug|x64.ActiveCfg = Debug|x64
		{0EC1D2B9-F16B-4F3E-BA66-16146F16B205}.Debug|x64.Build.0 = Debug|x64
		{0EC1D2B9-F16B-4F3E-BA66-16146F16B205}.Debug|x86.ActiveCfg = Debug|Win32
		{0EC1D2B9-F16B-4F3E-BA66-16146F16B205}.Debug|x86.Build.0 = Debug|Win32
		{0EC1D2B9-F16B-4F3E-BA66-16146F16B205}.Release|x64.ActiveCfg = Release|x64
		{0EC1D2B9-F16B-4F3E-BA66-16146F16B205}.Release|x64.Build.0 = Release|x64
		{0EC1D2B9-F16B-4F3E-BA66-16146F16B205}.Release|x86.ActiveCfg = Release|Win32
		{0EC1D2B9-F16B-4F3E-BA66-16146F16B205}.Release|x86.Build.0 = Release|Win32
		{480C4F53-0EB9-41D0-A54A-1B1ACBEBF487}.Debug|x64.ActiveCfg = Debug|x64
		{480C4F53-0EB9-41D0-A54A-1B1ACBEBF487}.Debug|x64.Build.0 = Debug|x64
		{480C4F53-0EB9-41D0-A54A-1B1ACBEBF487}.Debug|x86.ActiveCfg = Debug|Win32
		{480C4F53-0EB9-41D0-A54A-1B1ACBEBF487}.Debug|x86.Build.0 = Debug|Win32
		{480C4F53-0EB9-41D0-A54A-1B1ACBEBF487}.Release|x64.ActiveCfg = Release|x64
		{480C4F53-0EB9-41D0-A54A-1B1ACBEBF487}.Release|x64.Build.0 = Release|x64
		{480C4F53-0EB9-41D0-A54A-1B1ACBEBF487}.Release|x86.ActiveCfg = Release|Win32
		{480C4F53-0EB9-41D0-A54A-1B1ACBEBF487}.Release|x86.Build.0 = Release|Win32
		{D4697253-6703-491F-B242-E53183B3A954}.Debug|x64.ActiveCfg = Debug|x64
		{D4697253-6703-491F-B242-E53183B3A954}.Debug|x64.Build.0 = Debug|x64
		{D4697253-6703-491F-B242-E53183B3A954}.Debug|x86.ActiveCfg = Debug|Win32
		{D4697253-6703-491F-B242-E53183B3A954}.Debug|x86.Build.0 = Debug|Win32
		{D4697253-6703-491F-B242-E53183B3A954}.Release|x64.ActiveCfg = Release|x64
		{D4697253-6703-491F-B242-E53183B3A954}.Release|x64.Build.0 = Release|x64
		{D4697253-6703-491F-B242-E53183B3A954}.Release|x86.ActiveCfg = Release|Win32
		{D4697253-6703-491F-B242-E53183B3A954}.Release|x86.Build.0 = Release|Win32
		{66A2284E-A9CB-434F-A377-2324CEB0C268}.Debug|x64.ActiveCfg = Debug|x64
		{66A2284E-A9CB-434F-A377-2324CEB0C268}.Debug|x64.Build.0 = Debug|x64
		{66A2284E-A9CB-434F-A377-2324CEB0C268}.Debug|x86.ActiveCfg = Debug|Win32
		{66A2284E-A9CB-434F-A377-2324CEB0C268}.Debug|x86.Build.0 = Debug|Win32
		{66A2284E-A9CB-434F-A377-2324CEB0C268}.Release|x64.ActiveCfg = Release|x64
		{66A2284E-A9CB-434F-A377-2324CEB0C268}.Release|x64.Build.0 = Release|x64
		{66A2284E-A9CB-434F-A377-2324CEB0C268}.Release|x86.ActiveCfg = Release|Win32
		{66A2284E-A9CB-434F-A377-2324CEB0C268}.Release|x86.Build.0 = Release|Win32
		{98735D3D-064F-4925-BC39-755F6CD449AF}.Debug|x64.ActiveCfg = Debug|x64
		{98735D3D-064F-4925-BC39-755F6CD449AF}.Debug|x64.Build.0 = Debug|x64
		{98735D3D-064F-4925-BC39-755F6CD449AF}.Debug|x86.ActiveCfg = Debug|Win32
		{98735D3D-064F-4925-BC39-755F6CD449AF}.Debug|x86.Build.0 = Debug|Win32
		{98735D3D-064F-4925-BC39-755F6CD449AF}.Release|x64.ActiveCfg = Release|x64
		{98735D3D-064F-4925-BC39-755F6CD449AF}.Release|x64.Build.0 = Release|x64
		{98735D3D-064F-4925-BC39-755F6CD449AF}.Release|x86.ActiveCfg = Release|Win32
		{98735D3D-064F-4925-BC39-755F6CD449AF}.Release|x86.Build.0 = Release|Win32
		{8E1F7D74-86A4-4D22-A939-6F9707E03795}.Debug|x64.ActiveCfg = Debug|x64
		{8E1F7D74-86A4-4D22-A939-6F9707E03795}.Debug|x64.Build.0 = Debug|x64
		{8E1F7D74-86A4-4D22-A939-6F9707E03795}.Debug|x86.ActiveCfg = Debug|Win32
		{8E1F7D74-86A4-4D22-A939-6F9707E03795}.Debug|x86.Build.0 = Debug|Win32
		{8E1F7D74-86A4-4D22-A939-6F9707E03795}.Release|x64.ActiveCfg = Release|x64
		{8E1F7D74-86A4-4D22-A939-6F9707E03795}.Release|x64.Build.0 = Release|x64
		{8E1F7D74-86A4-4D22-A939-6F9707E03795}.Release|x86.ActiveCfg = Release|Win32
		{8E1F7D74-86A4-4D22-A939-6F9707E03795}.Release|x86.Build.0 = Release|Win32
	EndGlobalSection
	GlobalSection(SolutionProperties) = preSolution
		HideSolutionNode = FALSE
	EndGlobalSection
	GlobalSection(NestedProjects) = preSolution
		{F933A279-EC16-4787-BA10-0784E179AAB4} = {BD9DF96C-0A3D-431C-9556-E091C8252A26}
		{7C0FDF84-5E7A-4765-85E3-35ACDEDB5F08} = {BD9DF96C-0A3D-431C-9556-E091C8252A26}
		{61B31CD8-FDA5-4F62-BAB8-F726FB1F3A9B} = {BD9DF96C-0A3D-431C-9556-E091C8252A26}
		{C80DA17E-4471-404F-B3EC-1D4E8A68D876} = {BD9DF96C-0A3D-431C-9556-E091C8252A26}
		{0BE6DAFC-A961-44D6-BA34-8A810AF9067C} = {BD9DF96C-0A3D-431C-9556-E091C8252A26}
		{3E85A662-D8CB-4772-BC90-2BE8D5D60116} = {BD9DF96C-0A3D-431C-9556-E091C8252A26}
		{BDF76063-1F38-4C22-B868-3F39B2505784} = {BD9DF96C-0A3D-431C-9556-E091C8252A26}
		{85724CA1-A08F-4BD4-8BF3-07C5C4E11AD1} = {E651B56B-DCB6-433B-9881-C13E9F0F4184}
		{2BC881CF-AC7A-4A87-B7B6-435303034C2C} = {E651B56B-DCB6-433B-9881-C13E9F0F4184}
		{C13F5E8B-44C5-414E-9A84-947582F199C0} = {E651B56B-DCB6-433B-9881-C13E9F0F4184}
		{EF4AC570-9C59-419F-8128-D29D3C70BCEA} = {E651B56B-DCB6-433B-9881-C13E9F0F4184}
		{B99F04AD-CED4-47BB-BC81-00B46359E30F} = {E651B56B-DCB6-433B-9881-C13E9F0F4184}
		{D0ECCB1D-6E4F-47F1-9291-CAF00EF022A0} = {E651B56B-DCB6-433B-9881-C13E9F0F4184}
		{DCE8FA4A-E1FC-4FB4-86D4-84EDE7CA5614} = {E651B56B-DCB6-433B-9881-C13E9F0F4184}
		{F535DBF6-1148-4F81-A34C-1F00FC393CE9} = {F933A279-EC16-4787-BA10-0784E179AAB4}
		{4548D0D9-EB9C-4BD7-A8AB-EE578B397D49} = {F933A279-EC16-4787-BA10-0784E179AAB4}
		{20544FCC-2D96-4493-80CA-1CB538877012} = {F933A279-EC16-4787-BA10-0784E179AAB4}
		{98CDE178-6A7E-45D8-B64A-C641988B6DFF} = {F933A279-EC16-4787-BA10-0784E179AAB4}
		{7898C1D9-8B68-4D3D-AED1-6BDFF69D0FF7} = {F933A279-EC16-4787-BA10-0784E179AAB4}
		{F01550F8-286D-4564-B27A-CE6A6226D131} = {85724CA1-A08F-4BD4-8BF3-07C5C4E11AD1}
		{0BC54A81-F229-49F6-AB4D-6357FF9A0748} = {85724CA1-A08F-4BD4-8BF3-07C5C4E11AD1}
		{DF830DFD-983E-4429-846C-D4393E74F556} = {85724CA1-A08F-4BD4-8BF3-07C5C4E11AD1}
		{5856CA3B-4A9C-439C-B647-1CA4F73EC161} = {F535DBF6-1148-4F81-A34C-1F00FC393CE9}
		{17F6469F-8D5B-4E07-9940-7FE67B5628BF} = {F535DBF6-1148-4F81-A34C-1F00FC393CE9}
		{E2C09E29-F919-450C-8F39-CE73D9063AA3} = {F535DBF6-1148-4F81-A34C-1F00FC393CE9}
		{49DBBD2E-9E14-479B-9296-CB003E0C591D} = {F535DBF6-1148-4F81-A34C-1F00FC393CE9}
		{68D3E2E5-5848-468A-A278-7C20E8C8DBF7} = {F535DBF6-1148-4F81-A34C-1F00FC393CE9}
		{BE1507EA-12FD-45EC-BA34-8236C87F4BAC} = {F535DBF6-1148-4F81-A34C-1F00FC393CE9}
		{425F5848-2414-480E-8EF7-0DAB6DF7B81A} = {4548D0D9-EB9C-4BD7-A8AB-EE578B397D49}
		{C5421A9D-9442-4207-B64D-5DF46E45CB0D} = {4548D0D9-EB9C-4BD7-A8AB-EE578B397D49}
		{71FDED21-43B6-4098-82A3-F6087652F054} = {4548D0D9-EB9C-4BD7-A8AB-EE578B397D49}
		{B52CB236-9B54-4D14-9E8A-818F14C5A2A7} = {4548D0D9-EB9C-4BD7-A8AB-EE578B397D49}
		{37806279-1BD2-465C-967D-EF00A81CC397} = {4548D0D9-EB9C-4BD7-A8AB-EE578B397D49}
		{67F395AB-75E9-4AFA-909F-2AC4ED61BF86} = {4548D0D9-EB9C-4BD7-A8AB-EE578B397D49}
		{1B22D69E-6F7A-4496-9C53-9A69FADD6195} = {20544FCC-2D96-4493-80CA-1CB538877012}
		{335B2B78-A33B-4CCA-B94F-A4EC137914EC} = {20544FCC-2D96-4493-80CA-1CB538877012}
		{336A3710-8CD2-44AD-A0E5-C07225B65DF3} = {98CDE178-6A7E-45D8-B64A-C641988B6DFF}
		{1FEA3AD2-C9BC-4475-9809-9E2BC5FAC5CF} = {98CDE178-6A7E-45D8-B64A-C641988B6DFF}
		{88C1083F-94F0-4215-A77B-A3F810098817} = {98CDE178-6A7E-45D8-B64A-C641988B6DFF}
		{9583C981-84BD-4FFC-A7A4-0280BCD6F2FB} = {7898C1D9-8B68-4D3D-AED1-6BDFF69D0FF7}
		{34887716-1908-47A1-A26A-0563A93834A5} = {7898C1D9-8B68-4D3D-AED1-6BDFF69D0FF7}
		{DEAFC507-D201-40E0-AB15-2E34FDB9B114} = {7898C1D9-8B68-4D3D-AED1-6BDFF69D0FF7}
		{651696C3-081B-4F9E-B849-FA553921DB1B} = {7C0FDF84-5E7A-4765-85E3-35ACDEDB5F08}
		{65D72D2B-5EB1-4B25-9F47-9AB1B4A7216A} = {7C0FDF84-5E7A-4765-85E3-35ACDEDB5F08}
		{5A7BA62B-E58C-409C-B8C5-3BCADB5C8DDC} = {7C0FDF84-5E7A-4765-85E3-35ACDEDB5F08}
		{996D166F-AD77-4D25-A676-ECB7E9BC0178} = {7C0FDF84-5E7A-4765-85E3-35ACDEDB5F08}
		{ACF1E0D4-7F54-4F6E-AA20-042E16957388} = {7C0FDF84-5E7A-4765-85E3-35ACDEDB5F08}
		{7FC812C1-ECDC-480F-A084-5892721D5F0F} = {7C0FDF84-5E7A-4765-85E3-35ACDEDB5F08}
		{F178EB56-BE51-4926-8AB5-3F8C5D502BB4} = {651696C3-081B-4F9E-B849-FA553921DB1B}
		{6698326D-D182-40E9-B8AB-30BB962E7583} = {65D72D2B-5EB1-4B25-9F47-9AB1B4A7216A}
		{B2EEDC50-2B82-40CA-94A3-5440C0FA7A77} = {65D72D2B-5EB1-4B25-9F47-9AB1B4A7216A}
		{F52EDFCD-7B4E-4F19-B89B-8C4B1C394892} = {65D72D2B-5EB1-4B25-9F47-9AB1B4A7216A}
		{8DE1ADDA-444C-44FC-AA41-E46922EC4EC2} = {65D72D2B-5EB1-4B25-9F47-9AB1B4A7216A}
		{2C67F6F0-358E-41BA-96F8-F90DC04622FC} = {65D72D2B-5EB1-4B25-9F47-9AB1B4A7216A}
		{F4EBD1B5-4231-4344-9CA0-9B3FFAD35AEE} = {5A7BA62B-E58C-409C-B8C5-3BCADB5C8DDC}
		{1738E1E6-6392-4901-AA93-A611666C4B53} = {5A7BA62B-E58C-409C-B8C5-3BCADB5C8DDC}
		{0E7246F6-4EDC-48CA-A00B-B16F033031B4} = {996D166F-AD77-4D25-A676-ECB7E9BC0178}
		{6EFEE696-BFB2-4DF9-94E2-B57F98B4068B} = {996D166F-AD77-4D25-A676-ECB7E9BC0178}
		{2492A45A-9EB3-4BBA-893C-C0D937604AF3} = {996D166F-AD77-4D25-A676-ECB7E9BC0178}
		{ED4F394B-8311-4D5F-8D9E-FF15B8A853C7} = {996D166F-AD77-4D25-A676-ECB7E9BC0178}
		{685DCE2A-1E8F-4D22-A3EC-797D7EA26BAA} = {ACF1E0D4-7F54-4F6E-AA20-042E16957388}
		{EA414D7F-19F7-4CA0-A518-DCCC36928240} = {7FC812C1-ECDC-480F-A084-5892721D5F0F}
		{97A2D338-C9D3-4635-84A8-FB828B56939D} = {61B31CD8-FDA5-4F62-BAB8-F726FB1F3A9B}
		{795C3D32-280D-4BEC-98BB-B59A3504EB60} = {61B31CD8-FDA5-4F62-BAB8-F726FB1F3A9B}
		{9FB64A43-D52E-4F50-8EB6-328AAFA293A7} = {97A2D338-C9D3-4635-84A8-FB828B56939D}
		{71824B46-B14F-4E3E-9E6A-A7D87DC9C9E3} = {97A2D338-C9D3-4635-84A8-FB828B56939D}
		{282234A7-F3F8-4543-B8A1-F7B597D00DA3} = {97A2D338-C9D3-4635-84A8-FB828B56939D}
		{6D8E9ACF-A9D0-45C5-9700-28C0195B7C7A} = {795C3D32-280D-4BEC-98BB-B59A3504EB60}
		{89E11AF4-D42F-4145-87B1-E3B5FDE9EA96} = {C80DA17E-4471-404F-B3EC-1D4E8A68D876}
		{67B21D14-0263-40B4-A3DB-DBD218B63B26} = {89E11AF4-D42F-4145-87B1-E3B5FDE9EA96}
		{A7E66D00-80E9-4657-BB4F-B528C094C21A} = {89E11AF4-D42F-4145-87B1-E3B5FDE9EA96}
		{CE5C7AF1-AB83-4688-96A9-C2910C78847B} = {0BE6DAFC-A961-44D6-BA34-8A810AF9067C}
		{0E1EB5DE-06C5-43D8-932A-003C882C8737} = {0BE6DAFC-A961-44D6-BA34-8A810AF9067C}
		{822A01CC-4C86-40D3-8C94-6A026EF400C2} = {CE5C7AF1-AB83-4688-96A9-C2910C78847B}
		{E02A2F6B-0340-4F4A-A5B6-38E9BA2800EA} = {CE5C7AF1-AB83-4688-96A9-C2910C78847B}
		{B7C01FD0-9E1A-45CF-9AA8-AC0F305341A5} = {CE5C7AF1-AB83-4688-96A9-C2910C78847B}
		{6B333546-C665-4708-BB23-72DCE310EF0B} = {CE5C7AF1-AB83-4688-96A9-C2910C78847B}
		{53439FB2-B5B5-4BCB-B166-AA4D63DD3FAF} = {CE5C7AF1-AB83-4688-96A9-C2910C78847B}
		{99F064D4-43B2-477B-A1FC-DE76EE2E347C} = {0E1EB5DE-06C5-43D8-932A-003C882C8737}
		{1F66F594-5D86-447F-BFD3-B84489B9AA2F} = {3E85A662-D8CB-4772-BC90-2BE8D5D60116}
		{603E9B8D-72D6-4042-9016-82C1F102846E} = {3E85A662-D8CB-4772-BC90-2BE8D5D60116}
		{3677FBA9-F7D7-45F5-A2AD-5FBD35A69AE0} = {1F66F594-5D86-447F-BFD3-B84489B9AA2F}
		{FC416DE8-9D1D-497F-906E-5842E3F34EA6} = {1F66F594-5D86-447F-BFD3-B84489B9AA2F}
		{9BBE7869-A2D2-4331-86E9-BF1D146310A1} = {1F66F594-5D86-447F-BFD3-B84489B9AA2F}
		{51532CEB-BFDE-4B46-B1DA-36E04F8D2E30} = {1F66F594-5D86-447F-BFD3-B84489B9AA2F}
		{E808DA86-D32B-4C8F-9930-89632A71E4FD} = {1F66F594-5D86-447F-BFD3-B84489B9AA2F}
		{D091E741-6DB4-4F88-B6EE-7F1BF5E4F239} = {1F66F594-5D86-447F-BFD3-B84489B9AA2F}
		{E199637F-5FFD-4F8E-8F42-71E910CF7B72} = {1F66F594-5D86-447F-BFD3-B84489B9AA2F}
		{7DC06838-FB1F-4ED1-B213-17AC061641F9} = {603E9B8D-72D6-4042-9016-82C1F102846E}
		{EFE2F84A-5FBA-40CE-B070-E0E3E92BF068} = {603E9B8D-72D6-4042-9016-82C1F102846E}
		{C2E80C03-1D43-4762-8AB4-82EC08965DFA} = {BDF76063-1F38-4C22-B868-3F39B2505784}
		{31F89B76-97C4-4F6A-A696-0AA876B73967} = {BDF76063-1F38-4C22-B868-3F39B2505784}
		{2E85E797-7F8E-4D2F-B0E1-C5A7CC39972D} = {BDF76063-1F38-4C22-B868-3F39B2505784}
		{5551DDD7-6ED0-497E-B688-A83C53358A86} = {C2E80C03-1D43-4762-8AB4-82EC08965DFA}
		{C3B89D61-9FFB-4829-9B60-DAE8754D613B} = {C2E80C03-1D43-4762-8AB4-82EC08965DFA}
		{1A0D4697-CD0F-4A0E-8F87-26B4F0443958} = {C2E80C03-1D43-4762-8AB4-82EC08965DFA}
		{0EC1D2B9-F16B-4F3E-BA66-16146F16B205} = {C2E80C03-1D43-4762-8AB4-82EC08965DFA}
		{480C4F53-0EB9-41D0-A54A-1B1ACBEBF487} = {31F89B76-97C4-4F6A-A696-0AA876B73967}
		{D4697253-6703-491F-B242-E53183B3A954} = {31F89B76-97C4-4F6A-A696-0AA876B73967}
		{66A2284E-A9CB-434F-A377-2324CEB0C268} = {31F89B76-97C4-4F6A-A696-0AA876B73967}
		{98735D3D-064F-4925-BC39-755F6CD449AF} = {2E85E797-7F8E-4D2F-B0E1-C5A7CC39972D}
		{8E1F7D74-86A4-4D22-A939-6F9707E03795} = {2E85E797-7F8E-4D2F-B0E1-C5A7CC39972D}
		{F581D58D-7FAF-47F9-90BF-A85255A74A2A} = {2BC881CF-AC7A-4A87-B7B6-435303034C2C}
		{5732795F-CE28-44FD-8E99-66099488D743} = {2BC881CF-AC7A-4A87-B7B6-435303034C2C}
		{91BBD46A-95D8-4F80-ACEA-8CB99A68D340} = {2BC881CF-AC7A-4A87-B7B6-435303034C2C}
		{5ABFFD80-D211-4D12-B8AF-6670BFF200D5} = {2BC881CF-AC7A-4A87-B7B6-435303034C2C}
		{9527CA3E-5B67-4C21-8B2E-4F26FCA147E2} = {2BC881CF-AC7A-4A87-B7B6-435303034C2C}
		{575D7509-51FB-4E6A-AFAF-042A2535D619} = {2BC881CF-AC7A-4A87-B7B6-435303034C2C}
		{16E7C0C7-81FE-4061-A6AA-BD0F38B51A2C} = {C13F5E8B-44C5-414E-9A84-947582F199C0}
		{A61A6B18-32F9-408C-9BB0-9BCE3F774A00} = {C13F5E8B-44C5-414E-9A84-947582F199C0}
		{48DFC5F3-8633-477A-9544-F4473B4683D0} = {EF4AC570-9C59-419F-8128-D29D3C70BCEA}
		{D4C8C16F-214E-485D-A376-C54080CDE5B5} = {B99F04AD-CED4-47BB-BC81-00B46359E30F}
		{FF15B11F-017B-44D2-9F3A-59CECE3B31E3} = {B99F04AD-CED4-47BB-BC81-00B46359E30F}
		{81820DC7-E9AF-4949-B449-08B403B0BC2A} = {D0ECCB1D-6E4F-47F1-9291-CAF00EF022A0}
		{26EDD152-D3C8-42BD-BC07-37CF1E7577C0} = {D0ECCB1D-6E4F-47F1-9291-CAF00EF022A0}
		{9B103327-82D4-49D4-B89F-BC17E155FDE3} = {DCE8FA4A-E1FC-4FB4-86D4-84EDE7CA5614}
		{C672609D-4556-4031-A9BF-BD1BAA0D85AF} = {DCE8FA4A-E1FC-4FB4-86D4-84EDE7CA5614}
		{5BA3BF1F-5D85-4925-9039-494AFD961848} = {DCE8FA4A-E1FC-4FB4-86D4-84EDE7CA5614}
	EndGlobalSection
	GlobalSection(ExtensibilityGlobals) = postSolution
		SolutionGuid = {B1BBE098-3BF7-4928-B155-2C461DC4E43F}
	EndGlobalSection
EndGlobal
